// !$*UTF8*$!
{
	archiveVersion = 1;
	classes = {
	};
	objectVersion = 55;
	objects = {

/* Begin PBXBuildFile section */
		1E23D5352994B9F9008FD287 /* ToolbarType.swift in Sources */ = {isa = PBXBuildFile; fileRef = 1E23D5342994B9F9008FD287 /* ToolbarType.swift */; };
		1E23D5372994BCF8008FD287 /* NotificationName+CustomName.swift in Sources */ = {isa = PBXBuildFile; fileRef = 1E23D5362994BCF8008FD287 /* NotificationName+CustomName.swift */; };
		1E23D53D2994F8FB008FD287 /* CoreDataError.swift in Sources */ = {isa = PBXBuildFile; fileRef = 1E23D53C2994F8FB008FD287 /* CoreDataError.swift */; };
		1E23D568299518F2008FD287 /* tap.json in Resources */ = {isa = PBXBuildFile; fileRef = 1E23D566299518F2008FD287 /* tap.json */; };
		1E23D569299518F2008FD287 /* swipe-right-to-stop-timer.json in Resources */ = {isa = PBXBuildFile; fileRef = 1E23D567299518F2008FD287 /* swipe-right-to-stop-timer.json */; };
		1E23D56B299A1110008FD287 /* UIView+shouldFadeIn.swift in Sources */ = {isa = PBXBuildFile; fileRef = 1E23D56A299A1110008FD287 /* UIView+shouldFadeIn.swift */; };
		1E4159EE29485C6900EDA065 /* TimerEditingView.swift in Sources */ = {isa = PBXBuildFile; fileRef = 1E4159ED29485C6900EDA065 /* TimerEditingView.swift */; };
		1E4159F02948E7DF00EDA065 /* SettingFooterView.swift in Sources */ = {isa = PBXBuildFile; fileRef = 1E4159EF2948E7DF00EDA065 /* SettingFooterView.swift */; };
		1E4159F2294C0BDB00EDA065 /* TimeFactory.swift in Sources */ = {isa = PBXBuildFile; fileRef = 1E4159F1294C0BDB00EDA065 /* TimeFactory.swift */; };
		1E4159F5294CCA8400EDA065 /* FilteringNavigationTitleView.swift in Sources */ = {isa = PBXBuildFile; fileRef = 1E4159F4294CCA8400EDA065 /* FilteringNavigationTitleView.swift */; };
		1E482BD02912887B00175B78 /* TimerSettingViewController.swift in Sources */ = {isa = PBXBuildFile; fileRef = 1E482BCF2912887B00175B78 /* TimerSettingViewController.swift */; };
		1E482BD22913538800175B78 /* TimerViewCell.swift in Sources */ = {isa = PBXBuildFile; fileRef = 1E482BD12913538800175B78 /* TimerViewCell.swift */; };
		1E482BD4291353F400175B78 /* TimePickerViewDataSource.swift in Sources */ = {isa = PBXBuildFile; fileRef = 1E482BD3291353F400175B78 /* TimePickerViewDataSource.swift */; };
		1E482BD6291353FF00175B78 /* TimePickerViewDelegate.swift in Sources */ = {isa = PBXBuildFile; fileRef = 1E482BD5291353FF00175B78 /* TimePickerViewDelegate.swift */; };
		1E482BDC291354F500175B78 /* Time.swift in Sources */ = {isa = PBXBuildFile; fileRef = 1E482BDB291354F500175B78 /* Time.swift */; };
		1E482BE02913551700175B78 /* TimerTableViewDelegate.swift in Sources */ = {isa = PBXBuildFile; fileRef = 1E482BDF2913551700175B78 /* TimerTableViewDelegate.swift */; };
		1E482BE62913558D00175B78 /* Tag.swift in Sources */ = {isa = PBXBuildFile; fileRef = 1E482BE52913558D00175B78 /* Tag.swift */; };
		1E482BE82913559600175B78 /* Timer.swift in Sources */ = {isa = PBXBuildFile; fileRef = 1E482BE72913559600175B78 /* Timer.swift */; };
		1E48FE992911F9240090B246 /* AppDelegate.swift in Sources */ = {isa = PBXBuildFile; fileRef = 1E48FE982911F9240090B246 /* AppDelegate.swift */; };
		1E48FE9B2911F9240090B246 /* SceneDelegate.swift in Sources */ = {isa = PBXBuildFile; fileRef = 1E48FE9A2911F9240090B246 /* SceneDelegate.swift */; };
		1E48FE9D2911F9240090B246 /* MainViewController.swift in Sources */ = {isa = PBXBuildFile; fileRef = 1E48FE9C2911F9240090B246 /* MainViewController.swift */; };
		1E48FEA22911F9250090B246 /* Assets.xcassets in Resources */ = {isa = PBXBuildFile; fileRef = 1E48FEA12911F9250090B246 /* Assets.xcassets */; };
		1E48FEA52911F9250090B246 /* LaunchScreen.storyboard in Resources */ = {isa = PBXBuildFile; fileRef = 1E48FEA32911F9250090B246 /* LaunchScreen.storyboard */; };
		1E48FEB02911F9250090B246 /* MultimerTests.swift in Sources */ = {isa = PBXBuildFile; fileRef = 1E48FEAF2911F9250090B246 /* MultimerTests.swift */; };
		1E48FEBA2911F9250090B246 /* MultimerUITests.swift in Sources */ = {isa = PBXBuildFile; fileRef = 1E48FEB92911F9250090B246 /* MultimerUITests.swift */; };
		1E48FEBC2911F9250090B246 /* MultimerUITestsLaunchTests.swift in Sources */ = {isa = PBXBuildFile; fileRef = 1E48FEBB2911F9250090B246 /* MultimerUITestsLaunchTests.swift */; };
		1E4CB48F295D28A400FC918E /* EmptyTimerView.swift in Sources */ = {isa = PBXBuildFile; fileRef = 1E4CB48E295D28A400FC918E /* EmptyTimerView.swift */; };
		1E4CB4A9295EAB6000FC918E /* Localizable.strings in Resources */ = {isa = PBXBuildFile; fileRef = 1E4CB4AB295EAB6000FC918E /* Localizable.strings */; };
		1E4CB4AF295EB5EA00FC918E /* LocalizableString.swift in Sources */ = {isa = PBXBuildFile; fileRef = 1E4CB4AE295EB5EA00FC918E /* LocalizableString.swift */; };
		1E4CB4B4295F258500FC918E /* InfoPlist.strings in Resources */ = {isa = PBXBuildFile; fileRef = 1E4CB4B6295F258500FC918E /* InfoPlist.strings */; };
		1E4CB4CB2961E24500FC918E /* TimePickerView.swift in Sources */ = {isa = PBXBuildFile; fileRef = 1E4CB4CA2961E24500FC918E /* TimePickerView.swift */; };
		1E4CB4DC2966BE9000FC918E /* TagColorMO+CoreDataClass.swift in Sources */ = {isa = PBXBuildFile; fileRef = 1E4CB4D82966BE9000FC918E /* TagColorMO+CoreDataClass.swift */; };
		1E4CB4DD2966BE9000FC918E /* TagMO+CoreDataClass.swift in Sources */ = {isa = PBXBuildFile; fileRef = 1E4CB4D92966BE9000FC918E /* TagMO+CoreDataClass.swift */; };
		1E4CB4DE2966BE9000FC918E /* TimerMO+CoreDataClass.swift in Sources */ = {isa = PBXBuildFile; fileRef = 1E4CB4DA2966BE9000FC918E /* TimerMO+CoreDataClass.swift */; };
		1E4CB4DF2966BE9000FC918E /* TimeMO+CoreDataClass.swift in Sources */ = {isa = PBXBuildFile; fileRef = 1E4CB4DB2966BE9000FC918E /* TimeMO+CoreDataClass.swift */; };
		1E4CB4F029673D6B00FC918E /* TimerFactory.swift in Sources */ = {isa = PBXBuildFile; fileRef = 1E4CB4EF29673D6B00FC918E /* TimerFactory.swift */; };
		1E4CB4F329673DD000FC918E /* TimerPersistentRepository.swift in Sources */ = {isa = PBXBuildFile; fileRef = 1E4CB4F229673DD000FC918E /* TimerPersistentRepository.swift */; };
		1E4CB4F529673E3E00FC918E /* MainUseCase.swift in Sources */ = {isa = PBXBuildFile; fileRef = 1E4CB4F429673E3E00FC918E /* MainUseCase.swift */; };
		1E651DAC2953165800B4F321 /* CountUpTimerUseCase.swift in Sources */ = {isa = PBXBuildFile; fileRef = 1E651DAB2953165800B4F321 /* CountUpTimerUseCase.swift */; };
		1E651DAE2953168900B4F321 /* TimerUseCase.swift in Sources */ = {isa = PBXBuildFile; fileRef = 1E651DAD2953168900B4F321 /* TimerUseCase.swift */; };
		1E651DB0295342BA00B4F321 /* TimerCreateViewController.swift in Sources */ = {isa = PBXBuildFile; fileRef = 1E651DAF295342BA00B4F321 /* TimerCreateViewController.swift */; };
		1E651DB229534CEE00B4F321 /* TimerCreateViewModel.swift in Sources */ = {isa = PBXBuildFile; fileRef = 1E651DB129534CEE00B4F321 /* TimerCreateViewModel.swift */; };
		1E6A19C329937FE8001FA3ED /* NameTextField.swift in Sources */ = {isa = PBXBuildFile; fileRef = 1E6A19C229937FE8001FA3ED /* NameTextField.swift */; };
		1E6A19C82993AF21001FA3ED /* SwipeRightToStopNoticeView.swift in Sources */ = {isa = PBXBuildFile; fileRef = 1E6A19C72993AF21001FA3ED /* SwipeRightToStopNoticeView.swift */; };
		1E6FAD9729403F900021B845 /* CoreDataTimerRepository.swift in Sources */ = {isa = PBXBuildFile; fileRef = 1E6FAD9629403F900021B845 /* CoreDataTimerRepository.swift */; };
		1E744BA7296C488A00CD824D /* Constant.swift in Sources */ = {isa = PBXBuildFile; fileRef = 1E744B8F296C488A00CD824D /* Constant.swift */; };
		1E744BA8296C488A00CD824D /* UIPickerView+setFixedLabels.swift in Sources */ = {isa = PBXBuildFile; fileRef = 1E744B91296C488A00CD824D /* UIPickerView+setFixedLabels.swift */; };
		1E744BA9296C488A00CD824D /* UITextField+addLeftPadding.swift in Sources */ = {isa = PBXBuildFile; fileRef = 1E744B92296C488A00CD824D /* UITextField+addLeftPadding.swift */; };
		1E744BAA296C488A00CD824D /* TimerTableViewDiffableDataSource+Rx+update.swift in Sources */ = {isa = PBXBuildFile; fileRef = 1E744B93296C488A00CD824D /* TimerTableViewDiffableDataSource+Rx+update.swift */; };
		1E744BAB296C488A00CD824D /* UITextField+Rx+textChanged.swift in Sources */ = {isa = PBXBuildFile; fileRef = 1E744B94296C488A00CD824D /* UITextField+Rx+textChanged.swift */; };
		1E744BAC296C488A00CD824D /* UIImage+makeSFSymbolImage.swift in Sources */ = {isa = PBXBuildFile; fileRef = 1E744B95296C488A00CD824D /* UIImage+makeSFSymbolImage.swift */; };
		1E744BAD296C488A00CD824D /* UIView+snapshotCellStyle.swift in Sources */ = {isa = PBXBuildFile; fileRef = 1E744B96296C488A00CD824D /* UIView+snapshotCellStyle.swift */; };
		1E744BAE296C488A00CD824D /* UIStackView+addArrangedSubviews.swift in Sources */ = {isa = PBXBuildFile; fileRef = 1E744B97296C488A00CD824D /* UIStackView+addArrangedSubviews.swift */; };
		1E744BAF296C488A00CD824D /* CustomColor.swift in Sources */ = {isa = PBXBuildFile; fileRef = 1E744B99296C488A00CD824D /* CustomColor.swift */; };
		1E744BB0296C488A00CD824D /* TimerType.swift in Sources */ = {isa = PBXBuildFile; fileRef = 1E744B9A296C488A00CD824D /* TimerType.swift */; };
		1E744BB1296C488A00CD824D /* TimerTableViewSection.swift in Sources */ = {isa = PBXBuildFile; fileRef = 1E744B9B296C488A00CD824D /* TimerTableViewSection.swift */; };
		1E744BB2296C488A00CD824D /* TimerFilteringCondition.swift in Sources */ = {isa = PBXBuildFile; fileRef = 1E744B9C296C488A00CD824D /* TimerFilteringCondition.swift */; };
		1E744BB3296C488A00CD824D /* EditViewButtonType.swift in Sources */ = {isa = PBXBuildFile; fileRef = 1E744B9D296C488A00CD824D /* EditViewButtonType.swift */; };
		1E744BB4296C488A00CD824D /* TimeType.swift in Sources */ = {isa = PBXBuildFile; fileRef = 1E744B9E296C488A00CD824D /* TimeType.swift */; };
		1E744BB5296C488A00CD824D /* MVVMInterface.swift in Sources */ = {isa = PBXBuildFile; fileRef = 1E744BA0296C488A00CD824D /* MVVMInterface.swift */; };
		1E744BB6296C488A00CD824D /* CellIdentifiable.swift in Sources */ = {isa = PBXBuildFile; fileRef = 1E744BA1296C488A00CD824D /* CellIdentifiable.swift */; };
		1E744BB7296C488A00CD824D /* PaddingButton.swift in Sources */ = {isa = PBXBuildFile; fileRef = 1E744BA3296C488A00CD824D /* PaddingButton.swift */; };
		1E744BB8296C488A00CD824D /* SymbolImageButton.swift in Sources */ = {isa = PBXBuildFile; fileRef = 1E744BA4296C488A00CD824D /* SymbolImageButton.swift */; };
		1E744BB9296C488A00CD824D /* TagColorFactory.swift in Sources */ = {isa = PBXBuildFile; fileRef = 1E744BA6296C488A00CD824D /* TagColorFactory.swift */; };
		1E86F1E9293627950067CA28 /* DefaultMainUseCase.swift in Sources */ = {isa = PBXBuildFile; fileRef = 1E86F1E8293627950067CA28 /* DefaultMainUseCase.swift */; };
		1E9BA3C72914CEFB00B39E9C /* MainViewModel.swift in Sources */ = {isa = PBXBuildFile; fileRef = 1E9BA3C62914CEFB00B39E9C /* MainViewModel.swift */; };
		1E9BA3C92914CF5400B39E9C /* TimerCellViewModel.swift in Sources */ = {isa = PBXBuildFile; fileRef = 1E9BA3C82914CF5400B39E9C /* TimerCellViewModel.swift */; };
		1EA3FCDE292E41940073560D /* ModelConvertible.swift in Sources */ = {isa = PBXBuildFile; fileRef = 1EA3FCDD292E41940073560D /* ModelConvertible.swift */; };
		1EA3FCE0292E43520073560D /* ManagedObjectConvertible.swift in Sources */ = {isa = PBXBuildFile; fileRef = 1EA3FCDF292E43520073560D /* ManagedObjectConvertible.swift */; };
		1EA3FCE2292E48BE0073560D /* CoreDataStorage.swift in Sources */ = {isa = PBXBuildFile; fileRef = 1EA3FCE1292E48BE0073560D /* CoreDataStorage.swift */; };
		1EA3FCE4292E49440073560D /* CoreDataStorage+TimerMO.swift in Sources */ = {isa = PBXBuildFile; fileRef = 1EA3FCE3292E49440073560D /* CoreDataStorage+TimerMO.swift */; };
		1EA3FCE6292E4B360073560D /* CoreDataStorage+TimeMO.swift in Sources */ = {isa = PBXBuildFile; fileRef = 1EA3FCE5292E4B360073560D /* CoreDataStorage+TimeMO.swift */; };
		1EA3FCE8292E4B730073560D /* CoreDataStorage+TagMO.swift in Sources */ = {isa = PBXBuildFile; fileRef = 1EA3FCE7292E4B730073560D /* CoreDataStorage+TagMO.swift */; };
		1EA3FCEA292E4BBD0073560D /* CoreDataStorage+TagColorMO.swift in Sources */ = {isa = PBXBuildFile; fileRef = 1EA3FCE9292E4BBD0073560D /* CoreDataStorage+TagColorMO.swift */; };
		1EBEEFDC292105F500299CE7 /* TimerTableViewDiffableDataSource.swift in Sources */ = {isa = PBXBuildFile; fileRef = 1EBEEFDB292105F500299CE7 /* TimerTableViewDiffableDataSource.swift */; };
		1EBEEFE02922446A00299CE7 /* CountDownTimerUseCase.swift in Sources */ = {isa = PBXBuildFile; fileRef = 1EBEEFDF2922446A00299CE7 /* CountDownTimerUseCase.swift */; };
		1EBEEFE62925451E00299CE7 /* TagScrollView.swift in Sources */ = {isa = PBXBuildFile; fileRef = 1EBEEFE52925451E00299CE7 /* TagScrollView.swift */; };
		1EBEEFE82925B73000299CE7 /* TagColor.swift in Sources */ = {isa = PBXBuildFile; fileRef = 1EBEEFE72925B73000299CE7 /* TagColor.swift */; };
		1EBEEFEA2925B85700299CE7 /* TagButton.swift in Sources */ = {isa = PBXBuildFile; fileRef = 1EBEEFE92925B85700299CE7 /* TagButton.swift */; };
		1EBEF029292909DD00299CE7 /* TimerModel.xcdatamodeld in Sources */ = {isa = PBXBuildFile; fileRef = 1EBEF027292909DD00299CE7 /* TimerModel.xcdatamodeld */; };
		1EBFEE152919270D00747606 /* TimerSettingViewModel.swift in Sources */ = {isa = PBXBuildFile; fileRef = 1EBFEE142919270D00747606 /* TimerSettingViewModel.swift */; };
		7DE0DCB2BD437A3652CA4266 /* Pods_Multimer.framework in Frameworks */ = {isa = PBXBuildFile; fileRef = FB67573CFCDE896B6E52525A /* Pods_Multimer.framework */; };
		8C88084EF84FB8081FC09CDE /* Pods_MultimerTests.framework in Frameworks */ = {isa = PBXBuildFile; fileRef = 02A9A991A8E30450D4458665 /* Pods_MultimerTests.framework */; };
		C60ADD68060EFDAE377DA4B2 /* Pods_Multimer_MultimerUITests.framework in Frameworks */ = {isa = PBXBuildFile; fileRef = 09D9588E5DAECA7EB7A30024 /* Pods_Multimer_MultimerUITests.framework */; };
/* End PBXBuildFile section */

/* Begin PBXContainerItemProxy section */
		1E48FEAC2911F9250090B246 /* PBXContainerItemProxy */ = {
			isa = PBXContainerItemProxy;
			containerPortal = 1E48FE8D2911F9240090B246 /* Project object */;
			proxyType = 1;
			remoteGlobalIDString = 1E48FE942911F9240090B246;
			remoteInfo = Multimer;
		};
		1E48FEB62911F9250090B246 /* PBXContainerItemProxy */ = {
			isa = PBXContainerItemProxy;
			containerPortal = 1E48FE8D2911F9240090B246 /* Project object */;
			proxyType = 1;
			remoteGlobalIDString = 1E48FE942911F9240090B246;
			remoteInfo = Multimer;
		};
/* End PBXContainerItemProxy section */

/* Begin PBXFileReference section */
		02A9A991A8E30450D4458665 /* Pods_MultimerTests.framework */ = {isa = PBXFileReference; explicitFileType = wrapper.framework; includeInIndex = 0; path = Pods_MultimerTests.framework; sourceTree = BUILT_PRODUCTS_DIR; };
		09D9588E5DAECA7EB7A30024 /* Pods_Multimer_MultimerUITests.framework */ = {isa = PBXFileReference; explicitFileType = wrapper.framework; includeInIndex = 0; path = Pods_Multimer_MultimerUITests.framework; sourceTree = BUILT_PRODUCTS_DIR; };
		1E23D5342994B9F9008FD287 /* ToolbarType.swift */ = {isa = PBXFileReference; lastKnownFileType = sourcecode.swift; path = ToolbarType.swift; sourceTree = "<group>"; };
		1E23D5362994BCF8008FD287 /* NotificationName+CustomName.swift */ = {isa = PBXFileReference; lastKnownFileType = sourcecode.swift; path = "NotificationName+CustomName.swift"; sourceTree = "<group>"; };
		1E23D53A2994EEF3008FD287 /* vi */ = {isa = PBXFileReference; lastKnownFileType = text.plist.strings; name = vi; path = vi.lproj/InfoPlist.strings; sourceTree = "<group>"; };
		1E23D53B2994EEF3008FD287 /* vi */ = {isa = PBXFileReference; lastKnownFileType = text.plist.strings; name = vi; path = vi.lproj/Localizable.strings; sourceTree = "<group>"; };
		1E23D53C2994F8FB008FD287 /* CoreDataError.swift */ = {isa = PBXFileReference; lastKnownFileType = sourcecode.swift; path = CoreDataError.swift; sourceTree = "<group>"; };
		1E23D566299518F2008FD287 /* tap.json */ = {isa = PBXFileReference; fileEncoding = 4; lastKnownFileType = text.json; path = tap.json; sourceTree = "<group>"; };
		1E23D567299518F2008FD287 /* swipe-right-to-stop-timer.json */ = {isa = PBXFileReference; fileEncoding = 4; lastKnownFileType = text.json; path = "swipe-right-to-stop-timer.json"; sourceTree = "<group>"; };
		1E23D56A299A1110008FD287 /* UIView+shouldFadeIn.swift */ = {isa = PBXFileReference; lastKnownFileType = sourcecode.swift; path = "UIView+shouldFadeIn.swift"; sourceTree = "<group>"; };
		1E4159ED29485C6900EDA065 /* TimerEditingView.swift */ = {isa = PBXFileReference; lastKnownFileType = sourcecode.swift; path = TimerEditingView.swift; sourceTree = "<group>"; };
		1E4159EF2948E7DF00EDA065 /* SettingFooterView.swift */ = {isa = PBXFileReference; lastKnownFileType = sourcecode.swift; path = SettingFooterView.swift; sourceTree = "<group>"; };
		1E4159F1294C0BDB00EDA065 /* TimeFactory.swift */ = {isa = PBXFileReference; lastKnownFileType = sourcecode.swift; path = TimeFactory.swift; sourceTree = "<group>"; };
		1E4159F4294CCA8400EDA065 /* FilteringNavigationTitleView.swift */ = {isa = PBXFileReference; lastKnownFileType = sourcecode.swift; path = FilteringNavigationTitleView.swift; sourceTree = "<group>"; };
		1E482BCF2912887B00175B78 /* TimerSettingViewController.swift */ = {isa = PBXFileReference; lastKnownFileType = sourcecode.swift; path = TimerSettingViewController.swift; sourceTree = "<group>"; };
		1E482BD12913538800175B78 /* TimerViewCell.swift */ = {isa = PBXFileReference; lastKnownFileType = sourcecode.swift; path = TimerViewCell.swift; sourceTree = "<group>"; };
		1E482BD3291353F400175B78 /* TimePickerViewDataSource.swift */ = {isa = PBXFileReference; lastKnownFileType = sourcecode.swift; path = TimePickerViewDataSource.swift; sourceTree = "<group>"; };
		1E482BD5291353FF00175B78 /* TimePickerViewDelegate.swift */ = {isa = PBXFileReference; lastKnownFileType = sourcecode.swift; path = TimePickerViewDelegate.swift; sourceTree = "<group>"; };
		1E482BDB291354F500175B78 /* Time.swift */ = {isa = PBXFileReference; lastKnownFileType = sourcecode.swift; path = Time.swift; sourceTree = "<group>"; };
		1E482BDF2913551700175B78 /* TimerTableViewDelegate.swift */ = {isa = PBXFileReference; lastKnownFileType = sourcecode.swift; path = TimerTableViewDelegate.swift; sourceTree = "<group>"; };
		1E482BE52913558D00175B78 /* Tag.swift */ = {isa = PBXFileReference; lastKnownFileType = sourcecode.swift; path = Tag.swift; sourceTree = "<group>"; };
		1E482BE72913559600175B78 /* Timer.swift */ = {isa = PBXFileReference; lastKnownFileType = sourcecode.swift; path = Timer.swift; sourceTree = "<group>"; };
		1E48FE952911F9240090B246 /* Multimer.app */ = {isa = PBXFileReference; explicitFileType = wrapper.application; includeInIndex = 0; path = Multimer.app; sourceTree = BUILT_PRODUCTS_DIR; };
		1E48FE982911F9240090B246 /* AppDelegate.swift */ = {isa = PBXFileReference; lastKnownFileType = sourcecode.swift; path = AppDelegate.swift; sourceTree = "<group>"; };
		1E48FE9A2911F9240090B246 /* SceneDelegate.swift */ = {isa = PBXFileReference; lastKnownFileType = sourcecode.swift; path = SceneDelegate.swift; sourceTree = "<group>"; };
		1E48FE9C2911F9240090B246 /* MainViewController.swift */ = {isa = PBXFileReference; lastKnownFileType = sourcecode.swift; path = MainViewController.swift; sourceTree = "<group>"; };
		1E48FEA12911F9250090B246 /* Assets.xcassets */ = {isa = PBXFileReference; lastKnownFileType = folder.assetcatalog; path = Assets.xcassets; sourceTree = "<group>"; };
		1E48FEA42911F9250090B246 /* Base */ = {isa = PBXFileReference; lastKnownFileType = file.storyboard; name = Base; path = Base.lproj/LaunchScreen.storyboard; sourceTree = "<group>"; };
		1E48FEA62911F9250090B246 /* Info.plist */ = {isa = PBXFileReference; lastKnownFileType = text.plist.xml; path = Info.plist; sourceTree = "<group>"; };
		1E48FEAB2911F9250090B246 /* MultimerTests.xctest */ = {isa = PBXFileReference; explicitFileType = wrapper.cfbundle; includeInIndex = 0; path = MultimerTests.xctest; sourceTree = BUILT_PRODUCTS_DIR; };
		1E48FEAF2911F9250090B246 /* MultimerTests.swift */ = {isa = PBXFileReference; lastKnownFileType = sourcecode.swift; path = MultimerTests.swift; sourceTree = "<group>"; };
		1E48FEB52911F9250090B246 /* MultimerUITests.xctest */ = {isa = PBXFileReference; explicitFileType = wrapper.cfbundle; includeInIndex = 0; path = MultimerUITests.xctest; sourceTree = BUILT_PRODUCTS_DIR; };
		1E48FEB92911F9250090B246 /* MultimerUITests.swift */ = {isa = PBXFileReference; lastKnownFileType = sourcecode.swift; path = MultimerUITests.swift; sourceTree = "<group>"; };
		1E48FEBB2911F9250090B246 /* MultimerUITestsLaunchTests.swift */ = {isa = PBXFileReference; lastKnownFileType = sourcecode.swift; path = MultimerUITestsLaunchTests.swift; sourceTree = "<group>"; };
		1E4CB48E295D28A400FC918E /* EmptyTimerView.swift */ = {isa = PBXFileReference; lastKnownFileType = sourcecode.swift; path = EmptyTimerView.swift; sourceTree = "<group>"; };
		1E4CB4AA295EAB6000FC918E /* en */ = {isa = PBXFileReference; lastKnownFileType = text.plist.strings; name = en; path = en.lproj/Localizable.strings; sourceTree = "<group>"; };
		1E4CB4AC295EAB8D00FC918E /* ko */ = {isa = PBXFileReference; lastKnownFileType = text.plist.strings; name = ko; path = ko.lproj/Localizable.strings; sourceTree = "<group>"; };
		1E4CB4AE295EB5EA00FC918E /* LocalizableString.swift */ = {isa = PBXFileReference; lastKnownFileType = sourcecode.swift; path = LocalizableString.swift; sourceTree = "<group>"; };
		1E4CB4B0295EC3A800FC918E /* ja */ = {isa = PBXFileReference; lastKnownFileType = text.plist.strings; name = ja; path = ja.lproj/Localizable.strings; sourceTree = "<group>"; };
		1E4CB4B1295ECA6200FC918E /* zh-Hans */ = {isa = PBXFileReference; lastKnownFileType = text.plist.strings; name = "zh-Hans"; path = "zh-Hans.lproj/Localizable.strings"; sourceTree = "<group>"; };
		1E4CB4B5295F258500FC918E /* en */ = {isa = PBXFileReference; lastKnownFileType = text.plist.strings; name = en; path = en.lproj/InfoPlist.strings; sourceTree = "<group>"; };
		1E4CB4B7295F258600FC918E /* zh-Hans */ = {isa = PBXFileReference; lastKnownFileType = text.plist.strings; name = "zh-Hans"; path = "zh-Hans.lproj/InfoPlist.strings"; sourceTree = "<group>"; };
		1E4CB4B8295F258B00FC918E /* ja */ = {isa = PBXFileReference; lastKnownFileType = text.plist.strings; name = ja; path = ja.lproj/InfoPlist.strings; sourceTree = "<group>"; };
		1E4CB4B9295F258B00FC918E /* ko */ = {isa = PBXFileReference; lastKnownFileType = text.plist.strings; name = ko; path = ko.lproj/InfoPlist.strings; sourceTree = "<group>"; };
		1E4CB4CA2961E24500FC918E /* TimePickerView.swift */ = {isa = PBXFileReference; lastKnownFileType = sourcecode.swift; path = TimePickerView.swift; sourceTree = "<group>"; };
		1E4CB4D82966BE9000FC918E /* TagColorMO+CoreDataClass.swift */ = {isa = PBXFileReference; fileEncoding = 4; lastKnownFileType = sourcecode.swift; path = "TagColorMO+CoreDataClass.swift"; sourceTree = "<group>"; };
		1E4CB4D92966BE9000FC918E /* TagMO+CoreDataClass.swift */ = {isa = PBXFileReference; fileEncoding = 4; lastKnownFileType = sourcecode.swift; path = "TagMO+CoreDataClass.swift"; sourceTree = "<group>"; };
		1E4CB4DA2966BE9000FC918E /* TimerMO+CoreDataClass.swift */ = {isa = PBXFileReference; fileEncoding = 4; lastKnownFileType = sourcecode.swift; path = "TimerMO+CoreDataClass.swift"; sourceTree = "<group>"; };
		1E4CB4DB2966BE9000FC918E /* TimeMO+CoreDataClass.swift */ = {isa = PBXFileReference; fileEncoding = 4; lastKnownFileType = sourcecode.swift; path = "TimeMO+CoreDataClass.swift"; sourceTree = "<group>"; };
		1E4CB4EF29673D6B00FC918E /* TimerFactory.swift */ = {isa = PBXFileReference; lastKnownFileType = sourcecode.swift; path = TimerFactory.swift; sourceTree = "<group>"; };
		1E4CB4F229673DD000FC918E /* TimerPersistentRepository.swift */ = {isa = PBXFileReference; lastKnownFileType = sourcecode.swift; path = TimerPersistentRepository.swift; sourceTree = "<group>"; };
		1E4CB4F429673E3E00FC918E /* MainUseCase.swift */ = {isa = PBXFileReference; lastKnownFileType = sourcecode.swift; path = MainUseCase.swift; sourceTree = "<group>"; };
		1E651DAB2953165800B4F321 /* CountUpTimerUseCase.swift */ = {isa = PBXFileReference; lastKnownFileType = sourcecode.swift; path = CountUpTimerUseCase.swift; sourceTree = "<group>"; };
		1E651DAD2953168900B4F321 /* TimerUseCase.swift */ = {isa = PBXFileReference; lastKnownFileType = sourcecode.swift; path = TimerUseCase.swift; sourceTree = "<group>"; };
		1E651DAF295342BA00B4F321 /* TimerCreateViewController.swift */ = {isa = PBXFileReference; lastKnownFileType = sourcecode.swift; path = TimerCreateViewController.swift; sourceTree = "<group>"; };
		1E651DB129534CEE00B4F321 /* TimerCreateViewModel.swift */ = {isa = PBXFileReference; lastKnownFileType = sourcecode.swift; path = TimerCreateViewModel.swift; sourceTree = "<group>"; };
		1E6A19C229937FE8001FA3ED /* NameTextField.swift */ = {isa = PBXFileReference; lastKnownFileType = sourcecode.swift; path = NameTextField.swift; sourceTree = "<group>"; };
		1E6A19C72993AF21001FA3ED /* SwipeRightToStopNoticeView.swift */ = {isa = PBXFileReference; lastKnownFileType = sourcecode.swift; path = SwipeRightToStopNoticeView.swift; sourceTree = "<group>"; };
		1E6FAD9629403F900021B845 /* CoreDataTimerRepository.swift */ = {isa = PBXFileReference; lastKnownFileType = sourcecode.swift; path = CoreDataTimerRepository.swift; sourceTree = "<group>"; };
		1E744B8F296C488A00CD824D /* Constant.swift */ = {isa = PBXFileReference; fileEncoding = 4; lastKnownFileType = sourcecode.swift; path = Constant.swift; sourceTree = "<group>"; };
		1E744B91296C488A00CD824D /* UIPickerView+setFixedLabels.swift */ = {isa = PBXFileReference; fileEncoding = 4; lastKnownFileType = sourcecode.swift; path = "UIPickerView+setFixedLabels.swift"; sourceTree = "<group>"; };
		1E744B92296C488A00CD824D /* UITextField+addLeftPadding.swift */ = {isa = PBXFileReference; fileEncoding = 4; lastKnownFileType = sourcecode.swift; path = "UITextField+addLeftPadding.swift"; sourceTree = "<group>"; };
		1E744B93296C488A00CD824D /* TimerTableViewDiffableDataSource+Rx+update.swift */ = {isa = PBXFileReference; fileEncoding = 4; lastKnownFileType = sourcecode.swift; path = "TimerTableViewDiffableDataSource+Rx+update.swift"; sourceTree = "<group>"; };
		1E744B94296C488A00CD824D /* UITextField+Rx+textChanged.swift */ = {isa = PBXFileReference; fileEncoding = 4; lastKnownFileType = sourcecode.swift; path = "UITextField+Rx+textChanged.swift"; sourceTree = "<group>"; };
		1E744B95296C488A00CD824D /* UIImage+makeSFSymbolImage.swift */ = {isa = PBXFileReference; fileEncoding = 4; lastKnownFileType = sourcecode.swift; path = "UIImage+makeSFSymbolImage.swift"; sourceTree = "<group>"; };
		1E744B96296C488A00CD824D /* UIView+snapshotCellStyle.swift */ = {isa = PBXFileReference; fileEncoding = 4; lastKnownFileType = sourcecode.swift; path = "UIView+snapshotCellStyle.swift"; sourceTree = "<group>"; };
		1E744B97296C488A00CD824D /* UIStackView+addArrangedSubviews.swift */ = {isa = PBXFileReference; fileEncoding = 4; lastKnownFileType = sourcecode.swift; path = "UIStackView+addArrangedSubviews.swift"; sourceTree = "<group>"; };
		1E744B99296C488A00CD824D /* CustomColor.swift */ = {isa = PBXFileReference; fileEncoding = 4; lastKnownFileType = sourcecode.swift; path = CustomColor.swift; sourceTree = "<group>"; };
		1E744B9A296C488A00CD824D /* TimerType.swift */ = {isa = PBXFileReference; fileEncoding = 4; lastKnownFileType = sourcecode.swift; path = TimerType.swift; sourceTree = "<group>"; };
		1E744B9B296C488A00CD824D /* TimerTableViewSection.swift */ = {isa = PBXFileReference; fileEncoding = 4; lastKnownFileType = sourcecode.swift; path = TimerTableViewSection.swift; sourceTree = "<group>"; };
		1E744B9C296C488A00CD824D /* TimerFilteringCondition.swift */ = {isa = PBXFileReference; fileEncoding = 4; lastKnownFileType = sourcecode.swift; path = TimerFilteringCondition.swift; sourceTree = "<group>"; };
		1E744B9D296C488A00CD824D /* EditViewButtonType.swift */ = {isa = PBXFileReference; fileEncoding = 4; lastKnownFileType = sourcecode.swift; path = EditViewButtonType.swift; sourceTree = "<group>"; };
		1E744B9E296C488A00CD824D /* TimeType.swift */ = {isa = PBXFileReference; fileEncoding = 4; lastKnownFileType = sourcecode.swift; path = TimeType.swift; sourceTree = "<group>"; };
		1E744BA0296C488A00CD824D /* MVVMInterface.swift */ = {isa = PBXFileReference; fileEncoding = 4; lastKnownFileType = sourcecode.swift; path = MVVMInterface.swift; sourceTree = "<group>"; };
		1E744BA1296C488A00CD824D /* CellIdentifiable.swift */ = {isa = PBXFileReference; fileEncoding = 4; lastKnownFileType = sourcecode.swift; path = CellIdentifiable.swift; sourceTree = "<group>"; };
		1E744BA3296C488A00CD824D /* PaddingButton.swift */ = {isa = PBXFileReference; fileEncoding = 4; lastKnownFileType = sourcecode.swift; path = PaddingButton.swift; sourceTree = "<group>"; };
		1E744BA4296C488A00CD824D /* SymbolImageButton.swift */ = {isa = PBXFileReference; fileEncoding = 4; lastKnownFileType = sourcecode.swift; path = SymbolImageButton.swift; sourceTree = "<group>"; };
		1E744BA6296C488A00CD824D /* TagColorFactory.swift */ = {isa = PBXFileReference; fileEncoding = 4; lastKnownFileType = sourcecode.swift; path = TagColorFactory.swift; sourceTree = "<group>"; };
		1E86F1E8293627950067CA28 /* DefaultMainUseCase.swift */ = {isa = PBXFileReference; lastKnownFileType = sourcecode.swift; path = DefaultMainUseCase.swift; sourceTree = "<group>"; };
		1E9BA3C62914CEFB00B39E9C /* MainViewModel.swift */ = {isa = PBXFileReference; lastKnownFileType = sourcecode.swift; path = MainViewModel.swift; sourceTree = "<group>"; };
		1E9BA3C82914CF5400B39E9C /* TimerCellViewModel.swift */ = {isa = PBXFileReference; lastKnownFileType = sourcecode.swift; path = TimerCellViewModel.swift; sourceTree = "<group>"; };
		1EA3FCDD292E41940073560D /* ModelConvertible.swift */ = {isa = PBXFileReference; lastKnownFileType = sourcecode.swift; path = ModelConvertible.swift; sourceTree = "<group>"; };
		1EA3FCDF292E43520073560D /* ManagedObjectConvertible.swift */ = {isa = PBXFileReference; lastKnownFileType = sourcecode.swift; path = ManagedObjectConvertible.swift; sourceTree = "<group>"; };
		1EA3FCE1292E48BE0073560D /* CoreDataStorage.swift */ = {isa = PBXFileReference; lastKnownFileType = sourcecode.swift; path = CoreDataStorage.swift; sourceTree = "<group>"; };
		1EA3FCE3292E49440073560D /* CoreDataStorage+TimerMO.swift */ = {isa = PBXFileReference; lastKnownFileType = sourcecode.swift; path = "CoreDataStorage+TimerMO.swift"; sourceTree = "<group>"; };
		1EA3FCE5292E4B360073560D /* CoreDataStorage+TimeMO.swift */ = {isa = PBXFileReference; lastKnownFileType = sourcecode.swift; path = "CoreDataStorage+TimeMO.swift"; sourceTree = "<group>"; };
		1EA3FCE7292E4B730073560D /* CoreDataStorage+TagMO.swift */ = {isa = PBXFileReference; lastKnownFileType = sourcecode.swift; path = "CoreDataStorage+TagMO.swift"; sourceTree = "<group>"; };
		1EA3FCE9292E4BBD0073560D /* CoreDataStorage+TagColorMO.swift */ = {isa = PBXFileReference; lastKnownFileType = sourcecode.swift; path = "CoreDataStorage+TagColorMO.swift"; sourceTree = "<group>"; };
		1EBEEFDB292105F500299CE7 /* TimerTableViewDiffableDataSource.swift */ = {isa = PBXFileReference; lastKnownFileType = sourcecode.swift; path = TimerTableViewDiffableDataSource.swift; sourceTree = "<group>"; };
		1EBEEFDF2922446A00299CE7 /* CountDownTimerUseCase.swift */ = {isa = PBXFileReference; lastKnownFileType = sourcecode.swift; path = CountDownTimerUseCase.swift; sourceTree = "<group>"; };
		1EBEEFE52925451E00299CE7 /* TagScrollView.swift */ = {isa = PBXFileReference; lastKnownFileType = sourcecode.swift; path = TagScrollView.swift; sourceTree = "<group>"; };
		1EBEEFE72925B73000299CE7 /* TagColor.swift */ = {isa = PBXFileReference; lastKnownFileType = sourcecode.swift; path = TagColor.swift; sourceTree = "<group>"; };
		1EBEEFE92925B85700299CE7 /* TagButton.swift */ = {isa = PBXFileReference; lastKnownFileType = sourcecode.swift; path = TagButton.swift; sourceTree = "<group>"; };
		1EBEF028292909DD00299CE7 /* TimerModel.xcdatamodel */ = {isa = PBXFileReference; lastKnownFileType = wrapper.xcdatamodel; path = TimerModel.xcdatamodel; sourceTree = "<group>"; };
		1EBFEE142919270D00747606 /* TimerSettingViewModel.swift */ = {isa = PBXFileReference; lastKnownFileType = sourcecode.swift; path = TimerSettingViewModel.swift; sourceTree = "<group>"; };
		2487B77C56F24FE0EFA05BD4 /* Pods-Multimer.release.xcconfig */ = {isa = PBXFileReference; includeInIndex = 1; lastKnownFileType = text.xcconfig; name = "Pods-Multimer.release.xcconfig"; path = "Target Support Files/Pods-Multimer/Pods-Multimer.release.xcconfig"; sourceTree = "<group>"; };
		50F7E195491911071C2CCC09 /* Pods-MultimerTests.debug.xcconfig */ = {isa = PBXFileReference; includeInIndex = 1; lastKnownFileType = text.xcconfig; name = "Pods-MultimerTests.debug.xcconfig"; path = "Target Support Files/Pods-MultimerTests/Pods-MultimerTests.debug.xcconfig"; sourceTree = "<group>"; };
		6AE47EFBE8192C59957931B9 /* Pods-Multimer.debug.xcconfig */ = {isa = PBXFileReference; includeInIndex = 1; lastKnownFileType = text.xcconfig; name = "Pods-Multimer.debug.xcconfig"; path = "Target Support Files/Pods-Multimer/Pods-Multimer.debug.xcconfig"; sourceTree = "<group>"; };
		8F6FC8BAB61DDCD36F151F14 /* Pods-Multimer-MultimerUITests.debug.xcconfig */ = {isa = PBXFileReference; includeInIndex = 1; lastKnownFileType = text.xcconfig; name = "Pods-Multimer-MultimerUITests.debug.xcconfig"; path = "Target Support Files/Pods-Multimer-MultimerUITests/Pods-Multimer-MultimerUITests.debug.xcconfig"; sourceTree = "<group>"; };
		AA0866E167CFE9CC1FAF7EF6 /* Pods-Multimer-MultimerUITests.release.xcconfig */ = {isa = PBXFileReference; includeInIndex = 1; lastKnownFileType = text.xcconfig; name = "Pods-Multimer-MultimerUITests.release.xcconfig"; path = "Target Support Files/Pods-Multimer-MultimerUITests/Pods-Multimer-MultimerUITests.release.xcconfig"; sourceTree = "<group>"; };
		D7E24C3208D599653D72FD17 /* Pods-MultimerTests.release.xcconfig */ = {isa = PBXFileReference; includeInIndex = 1; lastKnownFileType = text.xcconfig; name = "Pods-MultimerTests.release.xcconfig"; path = "Target Support Files/Pods-MultimerTests/Pods-MultimerTests.release.xcconfig"; sourceTree = "<group>"; };
		FB67573CFCDE896B6E52525A /* Pods_Multimer.framework */ = {isa = PBXFileReference; explicitFileType = wrapper.framework; includeInIndex = 0; path = Pods_Multimer.framework; sourceTree = BUILT_PRODUCTS_DIR; };
/* End PBXFileReference section */

/* Begin PBXFrameworksBuildPhase section */
		1E48FE922911F9240090B246 /* Frameworks */ = {
			isa = PBXFrameworksBuildPhase;
			buildActionMask = 2147483647;
			files = (
				7DE0DCB2BD437A3652CA4266 /* Pods_Multimer.framework in Frameworks */,
			);
			runOnlyForDeploymentPostprocessing = 0;
		};
		1E48FEA82911F9250090B246 /* Frameworks */ = {
			isa = PBXFrameworksBuildPhase;
			buildActionMask = 2147483647;
			files = (
				8C88084EF84FB8081FC09CDE /* Pods_MultimerTests.framework in Frameworks */,
			);
			runOnlyForDeploymentPostprocessing = 0;
		};
		1E48FEB22911F9250090B246 /* Frameworks */ = {
			isa = PBXFrameworksBuildPhase;
			buildActionMask = 2147483647;
			files = (
				C60ADD68060EFDAE377DA4B2 /* Pods_Multimer_MultimerUITests.framework in Frameworks */,
			);
			runOnlyForDeploymentPostprocessing = 0;
		};
/* End PBXFrameworksBuildPhase section */

/* Begin PBXGroup section */
		1397467FE4826333247004CD /* Pods */ = {
			isa = PBXGroup;
			children = (
				6AE47EFBE8192C59957931B9 /* Pods-Multimer.debug.xcconfig */,
				2487B77C56F24FE0EFA05BD4 /* Pods-Multimer.release.xcconfig */,
				8F6FC8BAB61DDCD36F151F14 /* Pods-Multimer-MultimerUITests.debug.xcconfig */,
				AA0866E167CFE9CC1FAF7EF6 /* Pods-Multimer-MultimerUITests.release.xcconfig */,
				50F7E195491911071C2CCC09 /* Pods-MultimerTests.debug.xcconfig */,
				D7E24C3208D599653D72FD17 /* Pods-MultimerTests.release.xcconfig */,
			);
			path = Pods;
			sourceTree = "<group>";
		};
		1E23D53F2994FA17008FD287 /* SettingFooterView */ = {
			isa = PBXGroup;
			children = (
				1E4159EF2948E7DF00EDA065 /* SettingFooterView.swift */,
			);
			path = SettingFooterView;
			sourceTree = "<group>";
		};
		1E23D54F29950195008FD287 /* LottieAssets */ = {
			isa = PBXGroup;
			children = (
				1E23D567299518F2008FD287 /* swipe-right-to-stop-timer.json */,
				1E23D566299518F2008FD287 /* tap.json */,
			);
			path = LottieAssets;
			sourceTree = "<group>";
		};
		1E482BE42913556100175B78 /* Application */ = {
			isa = PBXGroup;
			children = (
				1E48FE982911F9240090B246 /* AppDelegate.swift */,
				1E48FE9A2911F9240090B246 /* SceneDelegate.swift */,
			);
			path = Application;
			sourceTree = "<group>";
		};
		1E48FE8C2911F9240090B246 = {
			isa = PBXGroup;
			children = (
				1E48FE972911F9240090B246 /* Multimer */,
				1E48FEA12911F9250090B246 /* Assets.xcassets */,
				1E48FEA32911F9250090B246 /* LaunchScreen.storyboard */,
				1E48FEAE2911F9250090B246 /* MultimerTests */,
				1E48FEB82911F9250090B246 /* MultimerUITests */,
				1E48FE962911F9240090B246 /* Products */,
				1397467FE4826333247004CD /* Pods */,
				6A3FFFF0F035631CFC6228B1 /* Frameworks */,
			);
			sourceTree = "<group>";
		};
		1E48FE962911F9240090B246 /* Products */ = {
			isa = PBXGroup;
			children = (
				1E48FE952911F9240090B246 /* Multimer.app */,
				1E48FEAB2911F9250090B246 /* MultimerTests.xctest */,
				1E48FEB52911F9250090B246 /* MultimerUITests.xctest */,
			);
			name = Products;
			sourceTree = "<group>";
		};
		1E48FE972911F9240090B246 /* Multimer */ = {
			isa = PBXGroup;
			children = (
				1E48FEA62911F9250090B246 /* Info.plist */,
				1E4CB4E32967353E00FC918E /* Localizing */,
				1E482BE42913556100175B78 /* Application */,
				1E4CB4CC2966BAEA00FC918E /* Presentation */,
				1E4CB4CD2966BC7B00FC918E /* Domain */,
				1E4CB4CE2966BC8400FC918E /* Data */,
				1E23D54F29950195008FD287 /* LottieAssets */,
			);
			path = Multimer;
			sourceTree = "<group>";
		};
		1E48FEAE2911F9250090B246 /* MultimerTests */ = {
			isa = PBXGroup;
			children = (
				1E48FEAF2911F9250090B246 /* MultimerTests.swift */,
			);
			path = MultimerTests;
			sourceTree = "<group>";
		};
		1E48FEB82911F9250090B246 /* MultimerUITests */ = {
			isa = PBXGroup;
			children = (
				1E48FEB92911F9250090B246 /* MultimerUITests.swift */,
				1E48FEBB2911F9250090B246 /* MultimerUITestsLaunchTests.swift */,
			);
			path = MultimerUITests;
			sourceTree = "<group>";
		};
		1E4CB4CC2966BAEA00FC918E /* Presentation */ = {
			isa = PBXGroup;
			children = (
				1E744B8E296C488A00CD824D /* Support */,
				1E4CB4CF2966BC9900FC918E /* Main */,
				1E4CB4D12966BCD800FC918E /* TimerCreate */,
				1E4CB4D02966BCA400FC918E /* TimerSetting */,
			);
			path = Presentation;
			sourceTree = "<group>";
		};
		1E4CB4CD2966BC7B00FC918E /* Domain */ = {
			isa = PBXGroup;
			children = (
				1E4CB4D52966BD9700FC918E /* Model */,
				1E4CB4E02967340C00FC918E /* UseCase */,
			);
			path = Domain;
			sourceTree = "<group>";
		};
		1E4CB4CE2966BC8400FC918E /* Data */ = {
			isa = PBXGroup;
			children = (
				1E4CB4D62966BD9B00FC918E /* Repository */,
				1E4CB4D72966BE0700FC918E /* Persistence */,
			);
			path = Data;
			sourceTree = "<group>";
		};
		1E4CB4CF2966BC9900FC918E /* Main */ = {
			isa = PBXGroup;
			children = (
				1E48FE9C2911F9240090B246 /* MainViewController.swift */,
				1E9BA3C62914CEFB00B39E9C /* MainViewModel.swift */,
				1E4CB4D22966BD0A00FC918E /* TimerViewCell */,
				1E23D53F2994FA17008FD287 /* SettingFooterView */,
				1EBFEE11291788A000747606 /* TimerTableView */,
				1EBFEE0E2917884600747606 /* CustomView */,
			);
			path = Main;
			sourceTree = "<group>";
		};
		1E4CB4D02966BCA400FC918E /* TimerSetting */ = {
			isa = PBXGroup;
			children = (
				1E482BCF2912887B00175B78 /* TimerSettingViewController.swift */,
				1EBFEE142919270D00747606 /* TimerSettingViewModel.swift */,
				1E4CB4E82967395200FC918E /* TimePickerView */,
				1E4CB4E7296738C100FC918E /* CustomView */,
			);
			path = TimerSetting;
			sourceTree = "<group>";
		};
		1E4CB4D12966BCD800FC918E /* TimerCreate */ = {
			isa = PBXGroup;
			children = (
				1E651DAF295342BA00B4F321 /* TimerCreateViewController.swift */,
				1E651DB129534CEE00B4F321 /* TimerCreateViewModel.swift */,
			);
			path = TimerCreate;
			sourceTree = "<group>";
		};
		1E4CB4D22966BD0A00FC918E /* TimerViewCell */ = {
			isa = PBXGroup;
			children = (
				1E482BD12913538800175B78 /* TimerViewCell.swift */,
				1E9BA3C82914CF5400B39E9C /* TimerCellViewModel.swift */,
			);
			path = TimerViewCell;
			sourceTree = "<group>";
		};
		1E4CB4D52966BD9700FC918E /* Model */ = {
			isa = PBXGroup;
			children = (
				1E482BE72913559600175B78 /* Timer.swift */,
				1E482BDB291354F500175B78 /* Time.swift */,
				1E482BE52913558D00175B78 /* Tag.swift */,
				1EBEEFE72925B73000299CE7 /* TagColor.swift */,
				1E4CB4EB29673C9900FC918E /* Factory */,
			);
			path = Model;
			sourceTree = "<group>";
		};
		1E4CB4D62966BD9B00FC918E /* Repository */ = {
			isa = PBXGroup;
			children = (
				1E4CB4F129673DCB00FC918E /* Protocol */,
				1E6FAD9629403F900021B845 /* CoreDataTimerRepository.swift */,
			);
			path = Repository;
			sourceTree = "<group>";
		};
		1E4CB4D72966BE0700FC918E /* Persistence */ = {
			isa = PBXGroup;
			children = (
				1EBEF02A292909E200299CE7 /* CoreData */,
			);
			path = Persistence;
			sourceTree = "<group>";
		};
		1E4CB4E02967340C00FC918E /* UseCase */ = {
			isa = PBXGroup;
			children = (
				1E4CB4EC29673CBD00FC918E /* Protocol */,
				1E86F1E8293627950067CA28 /* DefaultMainUseCase.swift */,
				1EBEEFDF2922446A00299CE7 /* CountDownTimerUseCase.swift */,
				1E651DAB2953165800B4F321 /* CountUpTimerUseCase.swift */,
			);
			path = UseCase;
			sourceTree = "<group>";
		};
		1E4CB4E32967353E00FC918E /* Localizing */ = {
			isa = PBXGroup;
			children = (
				1E4CB4AE295EB5EA00FC918E /* LocalizableString.swift */,
				1E4CB4B6295F258500FC918E /* InfoPlist.strings */,
				1E4CB4AB295EAB6000FC918E /* Localizable.strings */,
			);
			path = Localizing;
			sourceTree = "<group>";
		};
		1E4CB4E7296738C100FC918E /* CustomView */ = {
			isa = PBXGroup;
			children = (
				1EBEEFE52925451E00299CE7 /* TagScrollView.swift */,
				1EBEEFE92925B85700299CE7 /* TagButton.swift */,
			);
			path = CustomView;
			sourceTree = "<group>";
		};
		1E4CB4E82967395200FC918E /* TimePickerView */ = {
			isa = PBXGroup;
			children = (
				1E4CB4CA2961E24500FC918E /* TimePickerView.swift */,
				1E482BD5291353FF00175B78 /* TimePickerViewDelegate.swift */,
				1E482BD3291353F400175B78 /* TimePickerViewDataSource.swift */,
			);
			path = TimePickerView;
			sourceTree = "<group>";
		};
		1E4CB4EB29673C9900FC918E /* Factory */ = {
			isa = PBXGroup;
			children = (
				1E4CB4EF29673D6B00FC918E /* TimerFactory.swift */,
				1E4159F1294C0BDB00EDA065 /* TimeFactory.swift */,
			);
			path = Factory;
			sourceTree = "<group>";
		};
		1E4CB4EC29673CBD00FC918E /* Protocol */ = {
			isa = PBXGroup;
			children = (
				1E651DAD2953168900B4F321 /* TimerUseCase.swift */,
				1E4CB4F429673E3E00FC918E /* MainUseCase.swift */,
			);
			path = Protocol;
			sourceTree = "<group>";
		};
		1E4CB4F129673DCB00FC918E /* Protocol */ = {
			isa = PBXGroup;
			children = (
				1E4CB4F229673DD000FC918E /* TimerPersistentRepository.swift */,
			);
			path = Protocol;
			sourceTree = "<group>";
		};
		1E744B8E296C488A00CD824D /* Support */ = {
			isa = PBXGroup;
			children = (
				1E744B8F296C488A00CD824D /* Constant.swift */,
				1E744B90296C488A00CD824D /* Extension */,
				1E744B98296C488A00CD824D /* Enum */,
				1E744B9F296C488A00CD824D /* Protocol */,
				1E744BA2296C488A00CD824D /* Common */,
				1E744BA5296C488A00CD824D /* Factory */,
			);
			path = Support;
			sourceTree = "<group>";
		};
		1E744B90296C488A00CD824D /* Extension */ = {
			isa = PBXGroup;
			children = (
				1E744B91296C488A00CD824D /* UIPickerView+setFixedLabels.swift */,
				1E744B92296C488A00CD824D /* UITextField+addLeftPadding.swift */,
				1E744B93296C488A00CD824D /* TimerTableViewDiffableDataSource+Rx+update.swift */,
				1E744B94296C488A00CD824D /* UITextField+Rx+textChanged.swift */,
				1E744B95296C488A00CD824D /* UIImage+makeSFSymbolImage.swift */,
				1E744B96296C488A00CD824D /* UIView+snapshotCellStyle.swift */,
				1E23D56A299A1110008FD287 /* UIView+shouldFadeIn.swift */,
				1E744B97296C488A00CD824D /* UIStackView+addArrangedSubviews.swift */,
				1E23D5362994BCF8008FD287 /* NotificationName+CustomName.swift */,
			);
			path = Extension;
			sourceTree = "<group>";
		};
		1E744B98296C488A00CD824D /* Enum */ = {
			isa = PBXGroup;
			children = (
				1E744B99296C488A00CD824D /* CustomColor.swift */,
				1E744B9A296C488A00CD824D /* TimerType.swift */,
				1E744B9B296C488A00CD824D /* TimerTableViewSection.swift */,
				1E744B9C296C488A00CD824D /* TimerFilteringCondition.swift */,
				1E744B9D296C488A00CD824D /* EditViewButtonType.swift */,
				1E744B9E296C488A00CD824D /* TimeType.swift */,
				1E23D5342994B9F9008FD287 /* ToolbarType.swift */,
			);
			path = Enum;
			sourceTree = "<group>";
		};
		1E744B9F296C488A00CD824D /* Protocol */ = {
			isa = PBXGroup;
			children = (
				1E744BA0296C488A00CD824D /* MVVMInterface.swift */,
				1E744BA1296C488A00CD824D /* CellIdentifiable.swift */,
			);
			path = Protocol;
			sourceTree = "<group>";
		};
		1E744BA2296C488A00CD824D /* Common */ = {
			isa = PBXGroup;
			children = (
				1E744BA3296C488A00CD824D /* PaddingButton.swift */,
				1E744BA4296C488A00CD824D /* SymbolImageButton.swift */,
				1E6A19C229937FE8001FA3ED /* NameTextField.swift */,
			);
			path = Common;
			sourceTree = "<group>";
		};
		1E744BA5296C488A00CD824D /* Factory */ = {
			isa = PBXGroup;
			children = (
				1E744BA6296C488A00CD824D /* TagColorFactory.swift */,
			);
			path = Factory;
			sourceTree = "<group>";
		};
		1EA3FCEB292E4D850073560D /* CoreDataStorage */ = {
			isa = PBXGroup;
			children = (
				1EA3FCE1292E48BE0073560D /* CoreDataStorage.swift */,
				1E23D53C2994F8FB008FD287 /* CoreDataError.swift */,
				1EA3FCE3292E49440073560D /* CoreDataStorage+TimerMO.swift */,
				1EA3FCE5292E4B360073560D /* CoreDataStorage+TimeMO.swift */,
				1EA3FCE7292E4B730073560D /* CoreDataStorage+TagMO.swift */,
				1EA3FCE9292E4BBD0073560D /* CoreDataStorage+TagColorMO.swift */,
			);
			path = CoreDataStorage;
			sourceTree = "<group>";
		};
		1EA3FCEC292E4D9C0073560D /* ManagedObjectSubclass */ = {
			isa = PBXGroup;
			children = (
				1E4CB4D82966BE9000FC918E /* TagColorMO+CoreDataClass.swift */,
				1E4CB4D92966BE9000FC918E /* TagMO+CoreDataClass.swift */,
				1E4CB4DB2966BE9000FC918E /* TimeMO+CoreDataClass.swift */,
				1E4CB4DA2966BE9000FC918E /* TimerMO+CoreDataClass.swift */,
			);
			path = ManagedObjectSubclass;
			sourceTree = "<group>";
		};
		1EA3FCED292E4DB40073560D /* Protocol */ = {
			isa = PBXGroup;
			children = (
				1EA3FCDD292E41940073560D /* ModelConvertible.swift */,
				1EA3FCDF292E43520073560D /* ManagedObjectConvertible.swift */,
			);
			path = Protocol;
			sourceTree = "<group>";
		};
		1EBEF02A292909E200299CE7 /* CoreData */ = {
			isa = PBXGroup;
			children = (
				1EBEF027292909DD00299CE7 /* TimerModel.xcdatamodeld */,
				1EA3FCED292E4DB40073560D /* Protocol */,
				1EA3FCEC292E4D9C0073560D /* ManagedObjectSubclass */,
				1EA3FCEB292E4D850073560D /* CoreDataStorage */,
			);
			path = CoreData;
			sourceTree = "<group>";
		};
		1EBFEE0E2917884600747606 /* CustomView */ = {
			isa = PBXGroup;
			children = (
				1E6A19C72993AF21001FA3ED /* SwipeRightToStopNoticeView.swift */,
				1E4CB48E295D28A400FC918E /* EmptyTimerView.swift */,
				1E4159F4294CCA8400EDA065 /* FilteringNavigationTitleView.swift */,
				1E4159ED29485C6900EDA065 /* TimerEditingView.swift */,
			);
			path = CustomView;
			sourceTree = "<group>";
		};
		1EBFEE11291788A000747606 /* TimerTableView */ = {
			isa = PBXGroup;
			children = (
				1EBEEFDB292105F500299CE7 /* TimerTableViewDiffableDataSource.swift */,
				1E482BDF2913551700175B78 /* TimerTableViewDelegate.swift */,
			);
			path = TimerTableView;
			sourceTree = "<group>";
		};
		6A3FFFF0F035631CFC6228B1 /* Frameworks */ = {
			isa = PBXGroup;
			children = (
				FB67573CFCDE896B6E52525A /* Pods_Multimer.framework */,
				09D9588E5DAECA7EB7A30024 /* Pods_Multimer_MultimerUITests.framework */,
				02A9A991A8E30450D4458665 /* Pods_MultimerTests.framework */,
			);
			name = Frameworks;
			sourceTree = "<group>";
		};
/* End PBXGroup section */

/* Begin PBXNativeTarget section */
		1E48FE942911F9240090B246 /* Multimer */ = {
			isa = PBXNativeTarget;
			buildConfigurationList = 1E48FEBF2911F9250090B246 /* Build configuration list for PBXNativeTarget "Multimer" */;
			buildPhases = (
				ED07BC6EC70C84749058692F /* [CP] Check Pods Manifest.lock */,
				1E48FE912911F9240090B246 /* Sources */,
				1E48FE922911F9240090B246 /* Frameworks */,
				1E48FE932911F9240090B246 /* Resources */,
				86A4BFCB12BBD6E29D0B0F69 /* [CP] Embed Pods Frameworks */,
			);
			buildRules = (
			);
			dependencies = (
			);
			name = Multimer;
			productName = Multimer;
			productReference = 1E48FE952911F9240090B246 /* Multimer.app */;
			productType = "com.apple.product-type.application";
		};
		1E48FEAA2911F9250090B246 /* MultimerTests */ = {
			isa = PBXNativeTarget;
			buildConfigurationList = 1E48FEC22911F9250090B246 /* Build configuration list for PBXNativeTarget "MultimerTests" */;
			buildPhases = (
				AD2402D08D0A428A9D1D36D9 /* [CP] Check Pods Manifest.lock */,
				1E48FEA72911F9250090B246 /* Sources */,
				1E48FEA82911F9250090B246 /* Frameworks */,
				1E48FEA92911F9250090B246 /* Resources */,
			);
			buildRules = (
			);
			dependencies = (
				1E48FEAD2911F9250090B246 /* PBXTargetDependency */,
			);
			name = MultimerTests;
			productName = MultimerTests;
			productReference = 1E48FEAB2911F9250090B246 /* MultimerTests.xctest */;
			productType = "com.apple.product-type.bundle.unit-test";
		};
		1E48FEB42911F9250090B246 /* MultimerUITests */ = {
			isa = PBXNativeTarget;
			buildConfigurationList = 1E48FEC52911F9250090B246 /* Build configuration list for PBXNativeTarget "MultimerUITests" */;
			buildPhases = (
				98D98B611BBF0208217FAA34 /* [CP] Check Pods Manifest.lock */,
				1E48FEB12911F9250090B246 /* Sources */,
				1E48FEB22911F9250090B246 /* Frameworks */,
				1E48FEB32911F9250090B246 /* Resources */,
				9AB6E740BE33E0B375089356 /* [CP] Embed Pods Frameworks */,
			);
			buildRules = (
			);
			dependencies = (
				1E48FEB72911F9250090B246 /* PBXTargetDependency */,
			);
			name = MultimerUITests;
			productName = MultimerUITests;
			productReference = 1E48FEB52911F9250090B246 /* MultimerUITests.xctest */;
			productType = "com.apple.product-type.bundle.ui-testing";
		};
/* End PBXNativeTarget section */

/* Begin PBXProject section */
		1E48FE8D2911F9240090B246 /* Project object */ = {
			isa = PBXProject;
			attributes = {
				BuildIndependentTargetsInParallel = 1;
				LastSwiftUpdateCheck = 1340;
				LastUpgradeCheck = 1340;
				TargetAttributes = {
					1E48FE942911F9240090B246 = {
						CreatedOnToolsVersion = 13.4;
					};
					1E48FEAA2911F9250090B246 = {
						CreatedOnToolsVersion = 13.4;
						TestTargetID = 1E48FE942911F9240090B246;
					};
					1E48FEB42911F9250090B246 = {
						CreatedOnToolsVersion = 13.4;
						TestTargetID = 1E48FE942911F9240090B246;
					};
				};
			};
			buildConfigurationList = 1E48FE902911F9240090B246 /* Build configuration list for PBXProject "Multimer" */;
			compatibilityVersion = "Xcode 13.0";
			developmentRegion = en;
			hasScannedForEncodings = 0;
			knownRegions = (
				en,
				Base,
				ko,
				ja,
				"zh-Hans",
				vi,
			);
			mainGroup = 1E48FE8C2911F9240090B246;
			productRefGroup = 1E48FE962911F9240090B246 /* Products */;
			projectDirPath = "";
			projectRoot = "";
			targets = (
				1E48FE942911F9240090B246 /* Multimer */,
				1E48FEAA2911F9250090B246 /* MultimerTests */,
				1E48FEB42911F9250090B246 /* MultimerUITests */,
			);
		};
/* End PBXProject section */

/* Begin PBXResourcesBuildPhase section */
		1E48FE932911F9240090B246 /* Resources */ = {
			isa = PBXResourcesBuildPhase;
			buildActionMask = 2147483647;
			files = (
				1E48FEA52911F9250090B246 /* LaunchScreen.storyboard in Resources */,
				1E4CB4B4295F258500FC918E /* InfoPlist.strings in Resources */,
				1E23D569299518F2008FD287 /* swipe-right-to-stop-timer.json in Resources */,
				1E4CB4A9295EAB6000FC918E /* Localizable.strings in Resources */,
				1E23D568299518F2008FD287 /* tap.json in Resources */,
				1E48FEA22911F9250090B246 /* Assets.xcassets in Resources */,
			);
			runOnlyForDeploymentPostprocessing = 0;
		};
		1E48FEA92911F9250090B246 /* Resources */ = {
			isa = PBXResourcesBuildPhase;
			buildActionMask = 2147483647;
			files = (
			);
			runOnlyForDeploymentPostprocessing = 0;
		};
		1E48FEB32911F9250090B246 /* Resources */ = {
			isa = PBXResourcesBuildPhase;
			buildActionMask = 2147483647;
			files = (
			);
			runOnlyForDeploymentPostprocessing = 0;
		};
/* End PBXResourcesBuildPhase section */

/* Begin PBXShellScriptBuildPhase section */
		86A4BFCB12BBD6E29D0B0F69 /* [CP] Embed Pods Frameworks */ = {
			isa = PBXShellScriptBuildPhase;
			buildActionMask = 2147483647;
			files = (
			);
			inputFileListPaths = (
				"${PODS_ROOT}/Target Support Files/Pods-Multimer/Pods-Multimer-frameworks-${CONFIGURATION}-input-files.xcfilelist",
			);
			name = "[CP] Embed Pods Frameworks";
			outputFileListPaths = (
				"${PODS_ROOT}/Target Support Files/Pods-Multimer/Pods-Multimer-frameworks-${CONFIGURATION}-output-files.xcfilelist",
			);
			runOnlyForDeploymentPostprocessing = 0;
			shellPath = /bin/sh;
			shellScript = "\"${PODS_ROOT}/Target Support Files/Pods-Multimer/Pods-Multimer-frameworks.sh\"\n";
			showEnvVarsInLog = 0;
		};
		98D98B611BBF0208217FAA34 /* [CP] Check Pods Manifest.lock */ = {
			isa = PBXShellScriptBuildPhase;
			buildActionMask = 2147483647;
			files = (
			);
			inputFileListPaths = (
			);
			inputPaths = (
				"${PODS_PODFILE_DIR_PATH}/Podfile.lock",
				"${PODS_ROOT}/Manifest.lock",
			);
			name = "[CP] Check Pods Manifest.lock";
			outputFileListPaths = (
			);
			outputPaths = (
				"$(DERIVED_FILE_DIR)/Pods-Multimer-MultimerUITests-checkManifestLockResult.txt",
			);
			runOnlyForDeploymentPostprocessing = 0;
			shellPath = /bin/sh;
			shellScript = "diff \"${PODS_PODFILE_DIR_PATH}/Podfile.lock\" \"${PODS_ROOT}/Manifest.lock\" > /dev/null\nif [ $? != 0 ] ; then\n    # print error to STDERR\n    echo \"error: The sandbox is not in sync with the Podfile.lock. Run 'pod install' or update your CocoaPods installation.\" >&2\n    exit 1\nfi\n# This output is used by Xcode 'outputs' to avoid re-running this script phase.\necho \"SUCCESS\" > \"${SCRIPT_OUTPUT_FILE_0}\"\n";
			showEnvVarsInLog = 0;
		};
		9AB6E740BE33E0B375089356 /* [CP] Embed Pods Frameworks */ = {
			isa = PBXShellScriptBuildPhase;
			buildActionMask = 2147483647;
			files = (
			);
			inputFileListPaths = (
				"${PODS_ROOT}/Target Support Files/Pods-Multimer-MultimerUITests/Pods-Multimer-MultimerUITests-frameworks-${CONFIGURATION}-input-files.xcfilelist",
			);
			name = "[CP] Embed Pods Frameworks";
			outputFileListPaths = (
				"${PODS_ROOT}/Target Support Files/Pods-Multimer-MultimerUITests/Pods-Multimer-MultimerUITests-frameworks-${CONFIGURATION}-output-files.xcfilelist",
			);
			runOnlyForDeploymentPostprocessing = 0;
			shellPath = /bin/sh;
			shellScript = "\"${PODS_ROOT}/Target Support Files/Pods-Multimer-MultimerUITests/Pods-Multimer-MultimerUITests-frameworks.sh\"\n";
			showEnvVarsInLog = 0;
		};
		AD2402D08D0A428A9D1D36D9 /* [CP] Check Pods Manifest.lock */ = {
			isa = PBXShellScriptBuildPhase;
			buildActionMask = 2147483647;
			files = (
			);
			inputFileListPaths = (
			);
			inputPaths = (
				"${PODS_PODFILE_DIR_PATH}/Podfile.lock",
				"${PODS_ROOT}/Manifest.lock",
			);
			name = "[CP] Check Pods Manifest.lock";
			outputFileListPaths = (
			);
			outputPaths = (
				"$(DERIVED_FILE_DIR)/Pods-MultimerTests-checkManifestLockResult.txt",
			);
			runOnlyForDeploymentPostprocessing = 0;
			shellPath = /bin/sh;
			shellScript = "diff \"${PODS_PODFILE_DIR_PATH}/Podfile.lock\" \"${PODS_ROOT}/Manifest.lock\" > /dev/null\nif [ $? != 0 ] ; then\n    # print error to STDERR\n    echo \"error: The sandbox is not in sync with the Podfile.lock. Run 'pod install' or update your CocoaPods installation.\" >&2\n    exit 1\nfi\n# This output is used by Xcode 'outputs' to avoid re-running this script phase.\necho \"SUCCESS\" > \"${SCRIPT_OUTPUT_FILE_0}\"\n";
			showEnvVarsInLog = 0;
		};
		ED07BC6EC70C84749058692F /* [CP] Check Pods Manifest.lock */ = {
			isa = PBXShellScriptBuildPhase;
			buildActionMask = 2147483647;
			files = (
			);
			inputFileListPaths = (
			);
			inputPaths = (
				"${PODS_PODFILE_DIR_PATH}/Podfile.lock",
				"${PODS_ROOT}/Manifest.lock",
			);
			name = "[CP] Check Pods Manifest.lock";
			outputFileListPaths = (
			);
			outputPaths = (
				"$(DERIVED_FILE_DIR)/Pods-Multimer-checkManifestLockResult.txt",
			);
			runOnlyForDeploymentPostprocessing = 0;
			shellPath = /bin/sh;
			shellScript = "diff \"${PODS_PODFILE_DIR_PATH}/Podfile.lock\" \"${PODS_ROOT}/Manifest.lock\" > /dev/null\nif [ $? != 0 ] ; then\n    # print error to STDERR\n    echo \"error: The sandbox is not in sync with the Podfile.lock. Run 'pod install' or update your CocoaPods installation.\" >&2\n    exit 1\nfi\n# This output is used by Xcode 'outputs' to avoid re-running this script phase.\necho \"SUCCESS\" > \"${SCRIPT_OUTPUT_FILE_0}\"\n";
			showEnvVarsInLog = 0;
		};
/* End PBXShellScriptBuildPhase section */

/* Begin PBXSourcesBuildPhase section */
		1E48FE912911F9240090B246 /* Sources */ = {
			isa = PBXSourcesBuildPhase;
			buildActionMask = 2147483647;
			files = (
				1E4159F02948E7DF00EDA065 /* SettingFooterView.swift in Sources */,
				1E744BB7296C488A00CD824D /* PaddingButton.swift in Sources */,
				1EBEEFDC292105F500299CE7 /* TimerTableViewDiffableDataSource.swift in Sources */,
				1E651DB0295342BA00B4F321 /* TimerCreateViewController.swift in Sources */,
				1E482BD6291353FF00175B78 /* TimePickerViewDelegate.swift in Sources */,
				1E651DB229534CEE00B4F321 /* TimerCreateViewModel.swift in Sources */,
				1E482BD22913538800175B78 /* TimerViewCell.swift in Sources */,
				1E744BAC296C488A00CD824D /* UIImage+makeSFSymbolImage.swift in Sources */,
				1E4CB4DE2966BE9000FC918E /* TimerMO+CoreDataClass.swift in Sources */,
				1E4CB4AF295EB5EA00FC918E /* LocalizableString.swift in Sources */,
				1E482BDC291354F500175B78 /* Time.swift in Sources */,
				1E744BB6296C488A00CD824D /* CellIdentifiable.swift in Sources */,
				1E4CB4CB2961E24500FC918E /* TimePickerView.swift in Sources */,
				1EA3FCE4292E49440073560D /* CoreDataStorage+TimerMO.swift in Sources */,
				1E4CB4DC2966BE9000FC918E /* TagColorMO+CoreDataClass.swift in Sources */,
				1EA3FCE6292E4B360073560D /* CoreDataStorage+TimeMO.swift in Sources */,
				1E651DAE2953168900B4F321 /* TimerUseCase.swift in Sources */,
				1E6A19C329937FE8001FA3ED /* NameTextField.swift in Sources */,
				1E744BB1296C488A00CD824D /* TimerTableViewSection.swift in Sources */,
				1EBEEFEA2925B85700299CE7 /* TagButton.swift in Sources */,
				1E6A19C82993AF21001FA3ED /* SwipeRightToStopNoticeView.swift in Sources */,
				1E6FAD9729403F900021B845 /* CoreDataTimerRepository.swift in Sources */,
				1E744BA9296C488A00CD824D /* UITextField+addLeftPadding.swift in Sources */,
				1E651DAC2953165800B4F321 /* CountUpTimerUseCase.swift in Sources */,
				1E482BE82913559600175B78 /* Timer.swift in Sources */,
				1EBEEFE82925B73000299CE7 /* TagColor.swift in Sources */,
				1E744BAA296C488A00CD824D /* TimerTableViewDiffableDataSource+Rx+update.swift in Sources */,
				1E48FE9D2911F9240090B246 /* MainViewController.swift in Sources */,
				1E744BB9296C488A00CD824D /* TagColorFactory.swift in Sources */,
				1E4CB4F529673E3E00FC918E /* MainUseCase.swift in Sources */,
				1EBEEFE02922446A00299CE7 /* CountDownTimerUseCase.swift in Sources */,
				1E482BD4291353F400175B78 /* TimePickerViewDataSource.swift in Sources */,
				1E4159F5294CCA8400EDA065 /* FilteringNavigationTitleView.swift in Sources */,
				1E9BA3C92914CF5400B39E9C /* TimerCellViewModel.swift in Sources */,
				1E744BAB296C488A00CD824D /* UITextField+Rx+textChanged.swift in Sources */,
				1E744BAF296C488A00CD824D /* CustomColor.swift in Sources */,
				1EBEF029292909DD00299CE7 /* TimerModel.xcdatamodeld in Sources */,
				1EA3FCE8292E4B730073560D /* CoreDataStorage+TagMO.swift in Sources */,
				1EA3FCE0292E43520073560D /* ManagedObjectConvertible.swift in Sources */,
				1E4159EE29485C6900EDA065 /* TimerEditingView.swift in Sources */,
				1EBFEE152919270D00747606 /* TimerSettingViewModel.swift in Sources */,
				1E4159F2294C0BDB00EDA065 /* TimeFactory.swift in Sources */,
				1E48FE992911F9240090B246 /* AppDelegate.swift in Sources */,
				1E744BB3296C488A00CD824D /* EditViewButtonType.swift in Sources */,
				1E744BB2296C488A00CD824D /* TimerFilteringCondition.swift in Sources */,
				1E4CB4DF2966BE9000FC918E /* TimeMO+CoreDataClass.swift in Sources */,
				1E744BB4296C488A00CD824D /* TimeType.swift in Sources */,
				1E744BB8296C488A00CD824D /* SymbolImageButton.swift in Sources */,
				1E23D56B299A1110008FD287 /* UIView+shouldFadeIn.swift in Sources */,
				1E23D5352994B9F9008FD287 /* ToolbarType.swift in Sources */,
				1EBEEFE62925451E00299CE7 /* TagScrollView.swift in Sources */,
				1EA3FCE2292E48BE0073560D /* CoreDataStorage.swift in Sources */,
				1E482BD02912887B00175B78 /* TimerSettingViewController.swift in Sources */,
				1EA3FCEA292E4BBD0073560D /* CoreDataStorage+TagColorMO.swift in Sources */,
				1E23D5372994BCF8008FD287 /* NotificationName+CustomName.swift in Sources */,
				1E4CB4F329673DD000FC918E /* TimerPersistentRepository.swift in Sources */,
				1E4CB48F295D28A400FC918E /* EmptyTimerView.swift in Sources */,
				1E23D53D2994F8FB008FD287 /* CoreDataError.swift in Sources */,
				1E482BE62913558D00175B78 /* Tag.swift in Sources */,
				1E744BAE296C488A00CD824D /* UIStackView+addArrangedSubviews.swift in Sources */,
				1E9BA3C72914CEFB00B39E9C /* MainViewModel.swift in Sources */,
				1E744BA7296C488A00CD824D /* Constant.swift in Sources */,
				1EA3FCDE292E41940073560D /* ModelConvertible.swift in Sources */,
				1E744BB0296C488A00CD824D /* TimerType.swift in Sources */,
				1E48FE9B2911F9240090B246 /* SceneDelegate.swift in Sources */,
				1E744BB5296C488A00CD824D /* MVVMInterface.swift in Sources */,
				1E744BAD296C488A00CD824D /* UIView+snapshotCellStyle.swift in Sources */,
				1E4CB4F029673D6B00FC918E /* TimerFactory.swift in Sources */,
				1E4CB4DD2966BE9000FC918E /* TagMO+CoreDataClass.swift in Sources */,
				1E482BE02913551700175B78 /* TimerTableViewDelegate.swift in Sources */,
				1E744BA8296C488A00CD824D /* UIPickerView+setFixedLabels.swift in Sources */,
				1E86F1E9293627950067CA28 /* DefaultMainUseCase.swift in Sources */,
			);
			runOnlyForDeploymentPostprocessing = 0;
		};
		1E48FEA72911F9250090B246 /* Sources */ = {
			isa = PBXSourcesBuildPhase;
			buildActionMask = 2147483647;
			files = (
				1E48FEB02911F9250090B246 /* MultimerTests.swift in Sources */,
			);
			runOnlyForDeploymentPostprocessing = 0;
		};
		1E48FEB12911F9250090B246 /* Sources */ = {
			isa = PBXSourcesBuildPhase;
			buildActionMask = 2147483647;
			files = (
				1E48FEBC2911F9250090B246 /* MultimerUITestsLaunchTests.swift in Sources */,
				1E48FEBA2911F9250090B246 /* MultimerUITests.swift in Sources */,
			);
			runOnlyForDeploymentPostprocessing = 0;
		};
/* End PBXSourcesBuildPhase section */

/* Begin PBXTargetDependency section */
		1E48FEAD2911F9250090B246 /* PBXTargetDependency */ = {
			isa = PBXTargetDependency;
			target = 1E48FE942911F9240090B246 /* Multimer */;
			targetProxy = 1E48FEAC2911F9250090B246 /* PBXContainerItemProxy */;
		};
		1E48FEB72911F9250090B246 /* PBXTargetDependency */ = {
			isa = PBXTargetDependency;
			target = 1E48FE942911F9240090B246 /* Multimer */;
			targetProxy = 1E48FEB62911F9250090B246 /* PBXContainerItemProxy */;
		};
/* End PBXTargetDependency section */

/* Begin PBXVariantGroup section */
		1E48FEA32911F9250090B246 /* LaunchScreen.storyboard */ = {
			isa = PBXVariantGroup;
			children = (
				1E48FEA42911F9250090B246 /* Base */,
			);
			name = LaunchScreen.storyboard;
			sourceTree = "<group>";
		};
		1E4CB4AB295EAB6000FC918E /* Localizable.strings */ = {
			isa = PBXVariantGroup;
			children = (
				1E4CB4AA295EAB6000FC918E /* en */,
				1E4CB4AC295EAB8D00FC918E /* ko */,
				1E4CB4B0295EC3A800FC918E /* ja */,
				1E4CB4B1295ECA6200FC918E /* zh-Hans */,
				1E23D53B2994EEF3008FD287 /* vi */,
			);
			name = Localizable.strings;
			sourceTree = "<group>";
		};
		1E4CB4B6295F258500FC918E /* InfoPlist.strings */ = {
			isa = PBXVariantGroup;
			children = (
				1E4CB4B5295F258500FC918E /* en */,
				1E4CB4B7295F258600FC918E /* zh-Hans */,
				1E4CB4B8295F258B00FC918E /* ja */,
				1E4CB4B9295F258B00FC918E /* ko */,
				1E23D53A2994EEF3008FD287 /* vi */,
			);
			name = InfoPlist.strings;
			sourceTree = "<group>";
		};
/* End PBXVariantGroup section */

/* Begin XCBuildConfiguration section */
		1E48FEBD2911F9250090B246 /* Debug */ = {
			isa = XCBuildConfiguration;
			buildSettings = {
				ALWAYS_SEARCH_USER_PATHS = NO;
				CLANG_ANALYZER_LOCALIZABILITY_NONLOCALIZED = YES;
				CLANG_ANALYZER_NONNULL = YES;
				CLANG_ANALYZER_NUMBER_OBJECT_CONVERSION = YES_AGGRESSIVE;
				CLANG_CXX_LANGUAGE_STANDARD = "gnu++17";
				CLANG_ENABLE_MODULES = YES;
				CLANG_ENABLE_OBJC_ARC = YES;
				CLANG_ENABLE_OBJC_WEAK = YES;
				CLANG_WARN_BLOCK_CAPTURE_AUTORELEASING = YES;
				CLANG_WARN_BOOL_CONVERSION = YES;
				CLANG_WARN_COMMA = YES;
				CLANG_WARN_CONSTANT_CONVERSION = YES;
				CLANG_WARN_DEPRECATED_OBJC_IMPLEMENTATIONS = YES;
				CLANG_WARN_DIRECT_OBJC_ISA_USAGE = YES_ERROR;
				CLANG_WARN_DOCUMENTATION_COMMENTS = YES;
				CLANG_WARN_EMPTY_BODY = YES;
				CLANG_WARN_ENUM_CONVERSION = YES;
				CLANG_WARN_INFINITE_RECURSION = YES;
				CLANG_WARN_INT_CONVERSION = YES;
				CLANG_WARN_NON_LITERAL_NULL_CONVERSION = YES;
				CLANG_WARN_OBJC_IMPLICIT_RETAIN_SELF = YES;
				CLANG_WARN_OBJC_LITERAL_CONVERSION = YES;
				CLANG_WARN_OBJC_ROOT_CLASS = YES_ERROR;
				CLANG_WARN_QUOTED_INCLUDE_IN_FRAMEWORK_HEADER = YES;
				CLANG_WARN_RANGE_LOOP_ANALYSIS = YES;
				CLANG_WARN_STRICT_PROTOTYPES = YES;
				CLANG_WARN_SUSPICIOUS_MOVE = YES;
				CLANG_WARN_UNGUARDED_AVAILABILITY = YES_AGGRESSIVE;
				CLANG_WARN_UNREACHABLE_CODE = YES;
				CLANG_WARN__DUPLICATE_METHOD_MATCH = YES;
				COPY_PHASE_STRIP = NO;
				DEBUG_INFORMATION_FORMAT = dwarf;
				ENABLE_BITCODE = NO;
				ENABLE_STRICT_OBJC_MSGSEND = YES;
				ENABLE_TESTABILITY = YES;
				GCC_C_LANGUAGE_STANDARD = gnu11;
				GCC_DYNAMIC_NO_PIC = NO;
				GCC_NO_COMMON_BLOCKS = YES;
				GCC_OPTIMIZATION_LEVEL = 0;
				GCC_PREPROCESSOR_DEFINITIONS = (
					"DEBUG=1",
					"$(inherited)",
				);
				GCC_WARN_64_TO_32_BIT_CONVERSION = YES;
				GCC_WARN_ABOUT_RETURN_TYPE = YES_ERROR;
				GCC_WARN_UNDECLARED_SELECTOR = YES;
				GCC_WARN_UNINITIALIZED_AUTOS = YES_AGGRESSIVE;
				GCC_WARN_UNUSED_FUNCTION = YES;
				GCC_WARN_UNUSED_VARIABLE = YES;
				IPHONEOS_DEPLOYMENT_TARGET = 15.0;
				MTL_ENABLE_DEBUG_INFO = INCLUDE_SOURCE;
				MTL_FAST_MATH = YES;
				ONLY_ACTIVE_ARCH = YES;
				SDKROOT = iphoneos;
				SWIFT_ACTIVE_COMPILATION_CONDITIONS = DEBUG;
				SWIFT_OPTIMIZATION_LEVEL = "-Onone";
			};
			name = Debug;
		};
		1E48FEBE2911F9250090B246 /* Release */ = {
			isa = XCBuildConfiguration;
			buildSettings = {
				ALWAYS_SEARCH_USER_PATHS = NO;
				CLANG_ANALYZER_LOCALIZABILITY_NONLOCALIZED = YES;
				CLANG_ANALYZER_NONNULL = YES;
				CLANG_ANALYZER_NUMBER_OBJECT_CONVERSION = YES_AGGRESSIVE;
				CLANG_CXX_LANGUAGE_STANDARD = "gnu++17";
				CLANG_ENABLE_MODULES = YES;
				CLANG_ENABLE_OBJC_ARC = YES;
				CLANG_ENABLE_OBJC_WEAK = YES;
				CLANG_WARN_BLOCK_CAPTURE_AUTORELEASING = YES;
				CLANG_WARN_BOOL_CONVERSION = YES;
				CLANG_WARN_COMMA = YES;
				CLANG_WARN_CONSTANT_CONVERSION = YES;
				CLANG_WARN_DEPRECATED_OBJC_IMPLEMENTATIONS = YES;
				CLANG_WARN_DIRECT_OBJC_ISA_USAGE = YES_ERROR;
				CLANG_WARN_DOCUMENTATION_COMMENTS = YES;
				CLANG_WARN_EMPTY_BODY = YES;
				CLANG_WARN_ENUM_CONVERSION = YES;
				CLANG_WARN_INFINITE_RECURSION = YES;
				CLANG_WARN_INT_CONVERSION = YES;
				CLANG_WARN_NON_LITERAL_NULL_CONVERSION = YES;
				CLANG_WARN_OBJC_IMPLICIT_RETAIN_SELF = YES;
				CLANG_WARN_OBJC_LITERAL_CONVERSION = YES;
				CLANG_WARN_OBJC_ROOT_CLASS = YES_ERROR;
				CLANG_WARN_QUOTED_INCLUDE_IN_FRAMEWORK_HEADER = YES;
				CLANG_WARN_RANGE_LOOP_ANALYSIS = YES;
				CLANG_WARN_STRICT_PROTOTYPES = YES;
				CLANG_WARN_SUSPICIOUS_MOVE = YES;
				CLANG_WARN_UNGUARDED_AVAILABILITY = YES_AGGRESSIVE;
				CLANG_WARN_UNREACHABLE_CODE = YES;
				CLANG_WARN__DUPLICATE_METHOD_MATCH = YES;
				COPY_PHASE_STRIP = NO;
				DEBUG_INFORMATION_FORMAT = "dwarf-with-dsym";
				ENABLE_BITCODE = NO;
				ENABLE_NS_ASSERTIONS = NO;
				ENABLE_STRICT_OBJC_MSGSEND = YES;
				GCC_C_LANGUAGE_STANDARD = gnu11;
				GCC_NO_COMMON_BLOCKS = YES;
				GCC_WARN_64_TO_32_BIT_CONVERSION = YES;
				GCC_WARN_ABOUT_RETURN_TYPE = YES_ERROR;
				GCC_WARN_UNDECLARED_SELECTOR = YES;
				GCC_WARN_UNINITIALIZED_AUTOS = YES_AGGRESSIVE;
				GCC_WARN_UNUSED_FUNCTION = YES;
				GCC_WARN_UNUSED_VARIABLE = YES;
				IPHONEOS_DEPLOYMENT_TARGET = 15.0;
				MTL_ENABLE_DEBUG_INFO = NO;
				MTL_FAST_MATH = YES;
				SDKROOT = iphoneos;
				SWIFT_COMPILATION_MODE = wholemodule;
				SWIFT_OPTIMIZATION_LEVEL = "-O";
				VALIDATE_PRODUCT = YES;
			};
			name = Release;
		};
		1E48FEC02911F9250090B246 /* Debug */ = {
			isa = XCBuildConfiguration;
			baseConfigurationReference = 6AE47EFBE8192C59957931B9 /* Pods-Multimer.debug.xcconfig */;
			buildSettings = {
				ASSETCATALOG_COMPILER_APPICON_NAME = AppIcon;
				ASSETCATALOG_COMPILER_GLOBAL_ACCENT_COLOR_NAME = AccentColor;
				CODE_SIGN_IDENTITY = "iPhone Developer";
				CODE_SIGN_STYLE = Manual;
				CURRENT_PROJECT_VERSION = 3;
				DEVELOPMENT_TEAM = MPN6WL3W3U;
				GENERATE_INFOPLIST_FILE = YES;
				INFOPLIST_FILE = Multimer/Info.plist;
				INFOPLIST_KEY_UIApplicationSupportsIndirectInputEvents = YES;
				INFOPLIST_KEY_UILaunchStoryboardName = LaunchScreen;
				INFOPLIST_KEY_UISupportedInterfaceOrientations = UIInterfaceOrientationPortrait;
				INFOPLIST_KEY_UISupportedInterfaceOrientations_iPad = "UIInterfaceOrientationPortrait UIInterfaceOrientationPortraitUpsideDown UIInterfaceOrientationLandscapeLeft UIInterfaceOrientationLandscapeRight";
				INFOPLIST_KEY_UISupportedInterfaceOrientations_iPhone = "UIInterfaceOrientationPortrait UIInterfaceOrientationLandscapeLeft UIInterfaceOrientationLandscapeRight";
				LD_RUNPATH_SEARCH_PATHS = (
					"$(inherited)",
					"@executable_path/Frameworks",
				);
				MARKETING_VERSION = 1.3.1;
				PRODUCT_BUNDLE_IDENTIFIER = com.sanghyeok.Multimer;
				PRODUCT_NAME = "$(TARGET_NAME)";
				PROVISIONING_PROFILE_SPECIFIER = MultimerProvisioningProfileForDevelopment;
				SWIFT_EMIT_LOC_STRINGS = YES;
				SWIFT_VERSION = 5.0;
				TARGETED_DEVICE_FAMILY = 1;
			};
			name = Debug;
		};
		1E48FEC12911F9250090B246 /* Release */ = {
			isa = XCBuildConfiguration;
			baseConfigurationReference = 2487B77C56F24FE0EFA05BD4 /* Pods-Multimer.release.xcconfig */;
			buildSettings = {
				ASSETCATALOG_COMPILER_APPICON_NAME = AppIcon;
				ASSETCATALOG_COMPILER_GLOBAL_ACCENT_COLOR_NAME = AccentColor;
				CODE_SIGN_IDENTITY = "iPhone Distribution";
				CODE_SIGN_STYLE = Manual;
				CURRENT_PROJECT_VERSION = 3;
				DEVELOPMENT_TEAM = MPN6WL3W3U;
				GENERATE_INFOPLIST_FILE = YES;
				INFOPLIST_FILE = Multimer/Info.plist;
				INFOPLIST_KEY_UIApplicationSupportsIndirectInputEvents = YES;
				INFOPLIST_KEY_UILaunchStoryboardName = LaunchScreen;
				INFOPLIST_KEY_UISupportedInterfaceOrientations = UIInterfaceOrientationPortrait;
				INFOPLIST_KEY_UISupportedInterfaceOrientations_iPad = "UIInterfaceOrientationPortrait UIInterfaceOrientationPortraitUpsideDown UIInterfaceOrientationLandscapeLeft UIInterfaceOrientationLandscapeRight";
				INFOPLIST_KEY_UISupportedInterfaceOrientations_iPhone = "UIInterfaceOrientationPortrait UIInterfaceOrientationLandscapeLeft UIInterfaceOrientationLandscapeRight";
				LD_RUNPATH_SEARCH_PATHS = (
					"$(inherited)",
					"@executable_path/Frameworks",
				);
				MARKETING_VERSION = 1.3.1;
				PRODUCT_BUNDLE_IDENTIFIER = com.sanghyeok.Multimer;
				PRODUCT_NAME = "$(TARGET_NAME)";
				PROVISIONING_PROFILE_SPECIFIER = MultimerProvisioningProfileForAppStoreDistribution;
				SWIFT_EMIT_LOC_STRINGS = YES;
				SWIFT_VERSION = 5.0;
				TARGETED_DEVICE_FAMILY = 1;
			};
			name = Release;
		};
		1E48FEC32911F9250090B246 /* Debug */ = {
			isa = XCBuildConfiguration;
			baseConfigurationReference = 50F7E195491911071C2CCC09 /* Pods-MultimerTests.debug.xcconfig */;
			buildSettings = {
				ALWAYS_EMBED_SWIFT_STANDARD_LIBRARIES = YES;
				BUNDLE_LOADER = "$(TEST_HOST)";
				CODE_SIGN_STYLE = Automatic;
				CURRENT_PROJECT_VERSION = 1;
				DEVELOPMENT_TEAM = MPN6WL3W3U;
				GENERATE_INFOPLIST_FILE = YES;
				IPHONEOS_DEPLOYMENT_TARGET = 15.5;
				MARKETING_VERSION = 1.0;
				PRODUCT_BUNDLE_IDENTIFIER = com.sanghyeok.test.MultimerTests;
				PRODUCT_NAME = "$(TARGET_NAME)";
				SWIFT_EMIT_LOC_STRINGS = NO;
				SWIFT_VERSION = 5.0;
				TARGETED_DEVICE_FAMILY = "1,2";
				TEST_HOST = "$(BUILT_PRODUCTS_DIR)/Multimer.app/Multimer";
			};
			name = Debug;
		};
		1E48FEC42911F9250090B246 /* Release */ = {
			isa = XCBuildConfiguration;
			baseConfigurationReference = D7E24C3208D599653D72FD17 /* Pods-MultimerTests.release.xcconfig */;
			buildSettings = {
				ALWAYS_EMBED_SWIFT_STANDARD_LIBRARIES = YES;
				BUNDLE_LOADER = "$(TEST_HOST)";
				CODE_SIGN_STYLE = Automatic;
				CURRENT_PROJECT_VERSION = 1;
				DEVELOPMENT_TEAM = MPN6WL3W3U;
				GENERATE_INFOPLIST_FILE = YES;
				IPHONEOS_DEPLOYMENT_TARGET = 15.5;
				MARKETING_VERSION = 1.0;
				PRODUCT_BUNDLE_IDENTIFIER = com.sanghyeok.test.MultimerTests;
				PRODUCT_NAME = "$(TARGET_NAME)";
				SWIFT_EMIT_LOC_STRINGS = NO;
				SWIFT_VERSION = 5.0;
				TARGETED_DEVICE_FAMILY = "1,2";
				TEST_HOST = "$(BUILT_PRODUCTS_DIR)/Multimer.app/Multimer";
			};
			name = Release;
		};
		1E48FEC62911F9250090B246 /* Debug */ = {
			isa = XCBuildConfiguration;
			baseConfigurationReference = 8F6FC8BAB61DDCD36F151F14 /* Pods-Multimer-MultimerUITests.debug.xcconfig */;
			buildSettings = {
				ALWAYS_EMBED_SWIFT_STANDARD_LIBRARIES = YES;
				CODE_SIGN_STYLE = Automatic;
				CURRENT_PROJECT_VERSION = 1;
				DEVELOPMENT_TEAM = MPN6WL3W3U;
				GENERATE_INFOPLIST_FILE = YES;
				MARKETING_VERSION = 1.0;
				PRODUCT_BUNDLE_IDENTIFIER = com.sanghyeok.test.MultimerUITests;
				PRODUCT_NAME = "$(TARGET_NAME)";
				SWIFT_EMIT_LOC_STRINGS = NO;
				SWIFT_VERSION = 5.0;
				TARGETED_DEVICE_FAMILY = "1,2";
				TEST_TARGET_NAME = Multimer;
			};
			name = Debug;
		};
		1E48FEC72911F9250090B246 /* Release */ = {
			isa = XCBuildConfiguration;
			baseConfigurationReference = AA0866E167CFE9CC1FAF7EF6 /* Pods-Multimer-MultimerUITests.release.xcconfig */;
			buildSettings = {
				ALWAYS_EMBED_SWIFT_STANDARD_LIBRARIES = YES;
				CODE_SIGN_STYLE = Automatic;
				CURRENT_PROJECT_VERSION = 1;
				DEVELOPMENT_TEAM = MPN6WL3W3U;
				GENERATE_INFOPLIST_FILE = YES;
				MARKETING_VERSION = 1.0;
				PRODUCT_BUNDLE_IDENTIFIER = com.sanghyeok.test.MultimerUITests;
				PRODUCT_NAME = "$(TARGET_NAME)";
				SWIFT_EMIT_LOC_STRINGS = NO;
				SWIFT_VERSION = 5.0;
				TARGETED_DEVICE_FAMILY = "1,2";
				TEST_TARGET_NAME = Multimer;
			};
			name = Release;
		};
/* End XCBuildConfiguration section */

/* Begin XCConfigurationList section */
		1E48FE902911F9240090B246 /* Build configuration list for PBXProject "Multimer" */ = {
			isa = XCConfigurationList;
			buildConfigurations = (
				1E48FEBD2911F9250090B246 /* Debug */,
				1E48FEBE2911F9250090B246 /* Release */,
			);
			defaultConfigurationIsVisible = 0;
			defaultConfigurationName = Release;
		};
		1E48FEBF2911F9250090B246 /* Build configuration list for PBXNativeTarget "Multimer" */ = {
			isa = XCConfigurationList;
			buildConfigurations = (
				1E48FEC02911F9250090B246 /* Debug */,
				1E48FEC12911F9250090B246 /* Release */,
			);
			defaultConfigurationIsVisible = 0;
			defaultConfigurationName = Release;
		};
		1E48FEC22911F9250090B246 /* Build configuration list for PBXNativeTarget "MultimerTests" */ = {
			isa = XCConfigurationList;
			buildConfigurations = (
				1E48FEC32911F9250090B246 /* Debug */,
				1E48FEC42911F9250090B246 /* Release */,
			);
			defaultConfigurationIsVisible = 0;
			defaultConfigurationName = Release;
		};
		1E48FEC52911F9250090B246 /* Build configuration list for PBXNativeTarget "MultimerUITests" */ = {
			isa = XCConfigurationList;
			buildConfigurations = (
				1E48FEC62911F9250090B246 /* Debug */,
				1E48FEC72911F9250090B246 /* Release */,
			);
			defaultConfigurationIsVisible = 0;
			defaultConfigurationName = Release;
		};
/* End XCConfigurationList section */

/* Begin XCVersionGroup section */
		1EBEF027292909DD00299CE7 /* TimerModel.xcdatamodeld */ = {
			isa = XCVersionGroup;
			children = (
				1EBEF028292909DD00299CE7 /* TimerModel.xcdatamodel */,
			);
			currentVersion = 1EBEF028292909DD00299CE7 /* TimerModel.xcdatamodel */;
			path = TimerModel.xcdatamodeld;
			sourceTree = "<group>";
			versionGroupType = wrapper.xcdatamodel;
		};
/* End XCVersionGroup section */
	};
	rootObject = 1E48FE8D2911F9240090B246 /* Project object */;
}
