// !$*UTF8*$!
{
	archiveVersion = 1;
	classes = {
	};
	objectVersion = 55;
	objects = {

/* Begin PBXBuildFile section */
		1E482BD02912887B00175B78 /* TimerSettingViewController.swift in Sources */ = {isa = PBXBuildFile; fileRef = 1E482BCF2912887B00175B78 /* TimerSettingViewController.swift */; };
		1E482BD22913538800175B78 /* TimerViewCell.swift in Sources */ = {isa = PBXBuildFile; fileRef = 1E482BD12913538800175B78 /* TimerViewCell.swift */; };
		1E482BD4291353F400175B78 /* TimePickerViewDataSource.swift in Sources */ = {isa = PBXBuildFile; fileRef = 1E482BD3291353F400175B78 /* TimePickerViewDataSource.swift */; };
		1E482BD6291353FF00175B78 /* TimePickerViewDelegate.swift in Sources */ = {isa = PBXBuildFile; fileRef = 1E482BD5291353FF00175B78 /* TimePickerViewDelegate.swift */; };
		1E482BD82913545E00175B78 /* UIPickerView+SetFixedLabels.swift in Sources */ = {isa = PBXBuildFile; fileRef = 1E482BD72913545E00175B78 /* UIPickerView+SetFixedLabels.swift */; };
		1E482BDA291354E900175B78 /* TimeType.swift in Sources */ = {isa = PBXBuildFile; fileRef = 1E482BD9291354E900175B78 /* TimeType.swift */; };
		1E482BDC291354F500175B78 /* Time.swift in Sources */ = {isa = PBXBuildFile; fileRef = 1E482BDB291354F500175B78 /* Time.swift */; };
		1E482BDE2913550A00175B78 /* TimerTableViewDataSource.swift in Sources */ = {isa = PBXBuildFile; fileRef = 1E482BDD2913550A00175B78 /* TimerTableViewDataSource.swift */; };
		1E482BE02913551700175B78 /* TimerTableViewDelegate.swift in Sources */ = {isa = PBXBuildFile; fileRef = 1E482BDF2913551700175B78 /* TimerTableViewDelegate.swift */; };
		1E482BE22913553F00175B78 /* UIStackView+addArrangedSubviews.swift in Sources */ = {isa = PBXBuildFile; fileRef = 1E482BE12913553F00175B78 /* UIStackView+addArrangedSubviews.swift */; };
		1E482BE62913558D00175B78 /* Tag.swift in Sources */ = {isa = PBXBuildFile; fileRef = 1E482BE52913558D00175B78 /* Tag.swift */; };
		1E482BE82913559600175B78 /* Timer.swift in Sources */ = {isa = PBXBuildFile; fileRef = 1E482BE72913559600175B78 /* Timer.swift */; };
		1E482BEA29138A3900175B78 /* UIView+snapshotCellStyle.swift in Sources */ = {isa = PBXBuildFile; fileRef = 1E482BE929138A3900175B78 /* UIView+snapshotCellStyle.swift */; };
		1E482BEC29139FC100175B78 /* MVVMInterface.swift in Sources */ = {isa = PBXBuildFile; fileRef = 1E482BEB29139FC100175B78 /* MVVMInterface.swift */; };
		1E48FE992911F9240090B246 /* AppDelegate.swift in Sources */ = {isa = PBXBuildFile; fileRef = 1E48FE982911F9240090B246 /* AppDelegate.swift */; };
		1E48FE9B2911F9240090B246 /* SceneDelegate.swift in Sources */ = {isa = PBXBuildFile; fileRef = 1E48FE9A2911F9240090B246 /* SceneDelegate.swift */; };
		1E48FE9D2911F9240090B246 /* MainViewController.swift in Sources */ = {isa = PBXBuildFile; fileRef = 1E48FE9C2911F9240090B246 /* MainViewController.swift */; };
		1E48FEA22911F9250090B246 /* Assets.xcassets in Resources */ = {isa = PBXBuildFile; fileRef = 1E48FEA12911F9250090B246 /* Assets.xcassets */; };
		1E48FEA52911F9250090B246 /* LaunchScreen.storyboard in Resources */ = {isa = PBXBuildFile; fileRef = 1E48FEA32911F9250090B246 /* LaunchScreen.storyboard */; };
		1E48FEB02911F9250090B246 /* MultimerTests.swift in Sources */ = {isa = PBXBuildFile; fileRef = 1E48FEAF2911F9250090B246 /* MultimerTests.swift */; };
		1E48FEBA2911F9250090B246 /* MultimerUITests.swift in Sources */ = {isa = PBXBuildFile; fileRef = 1E48FEB92911F9250090B246 /* MultimerUITests.swift */; };
		1E48FEBC2911F9250090B246 /* MultimerUITestsLaunchTests.swift in Sources */ = {isa = PBXBuildFile; fileRef = 1E48FEBB2911F9250090B246 /* MultimerUITestsLaunchTests.swift */; };
		1E9BA3C32914CDC600B39E9C /* TimerTableViewDragDelegate.swift in Sources */ = {isa = PBXBuildFile; fileRef = 1E9BA3C22914CDC600B39E9C /* TimerTableViewDragDelegate.swift */; };
		1E9BA3C52914CDCE00B39E9C /* TimerTableViewDropDelegate.swift in Sources */ = {isa = PBXBuildFile; fileRef = 1E9BA3C42914CDCE00B39E9C /* TimerTableViewDropDelegate.swift */; };
		1E9BA3C72914CEFB00B39E9C /* MainViewModel.swift in Sources */ = {isa = PBXBuildFile; fileRef = 1E9BA3C62914CEFB00B39E9C /* MainViewModel.swift */; };
		1E9BA3C92914CF5400B39E9C /* TimerCellViewModel.swift in Sources */ = {isa = PBXBuildFile; fileRef = 1E9BA3C82914CF5400B39E9C /* TimerCellViewModel.swift */; };
		1E9BA3CB2914CF8C00B39E9C /* CellIdentifiable.swift in Sources */ = {isa = PBXBuildFile; fileRef = 1E9BA3CA2914CF8C00B39E9C /* CellIdentifiable.swift */; };
		1EBEEFDC292105F500299CE7 /* TimerTableViewDiffableDataSource.swift in Sources */ = {isa = PBXBuildFile; fileRef = 1EBEEFDB292105F500299CE7 /* TimerTableViewDiffableDataSource.swift */; };
		1EBEEFDE2921061B00299CE7 /* TableViewSection.swift in Sources */ = {isa = PBXBuildFile; fileRef = 1EBEEFDD2921061B00299CE7 /* TableViewSection.swift */; };
		1EBEEFE02922446A00299CE7 /* TimerUseCase.swift in Sources */ = {isa = PBXBuildFile; fileRef = 1EBEEFDF2922446A00299CE7 /* TimerUseCase.swift */; };
		1EBEEFE2292262E600299CE7 /* TimerTableViewDiffableDataSource+Rx+update.swift in Sources */ = {isa = PBXBuildFile; fileRef = 1EBEEFE1292262E600299CE7 /* TimerTableViewDiffableDataSource+Rx+update.swift */; };
		1EBFEE152919270D00747606 /* TimerSettingViewModel.swift in Sources */ = {isa = PBXBuildFile; fileRef = 1EBFEE142919270D00747606 /* TimerSettingViewModel.swift */; };
		1EBFEE17291ABE1900747606 /* UITextField+Rx+textChanged.swift in Sources */ = {isa = PBXBuildFile; fileRef = 1EBFEE16291ABE1900747606 /* UITextField+Rx+textChanged.swift */; };
		284E6114050224D9C3E7E23D /* Pods_Multimer_MultimerUITests.framework in Frameworks */ = {isa = PBXBuildFile; fileRef = 7C8B8D20E646F7DD1F545138 /* Pods_Multimer_MultimerUITests.framework */; };
		50EDF4005CED42E235BFC2AE /* Pods_MultimerTests.framework in Frameworks */ = {isa = PBXBuildFile; fileRef = 346163D03C21E772E515BAF0 /* Pods_MultimerTests.framework */; };
		EB1E0428FF0CB844F02D9821 /* Pods_Multimer.framework in Frameworks */ = {isa = PBXBuildFile; fileRef = 6BFF2E31EE050AF1DE4A2DA4 /* Pods_Multimer.framework */; };
/* End PBXBuildFile section */

/* Begin PBXContainerItemProxy section */
		1E48FEAC2911F9250090B246 /* PBXContainerItemProxy */ = {
			isa = PBXContainerItemProxy;
			containerPortal = 1E48FE8D2911F9240090B246 /* Project object */;
			proxyType = 1;
			remoteGlobalIDString = 1E48FE942911F9240090B246;
			remoteInfo = Multimer;
		};
		1E48FEB62911F9250090B246 /* PBXContainerItemProxy */ = {
			isa = PBXContainerItemProxy;
			containerPortal = 1E48FE8D2911F9240090B246 /* Project object */;
			proxyType = 1;
			remoteGlobalIDString = 1E48FE942911F9240090B246;
			remoteInfo = Multimer;
		};
/* End PBXContainerItemProxy section */

/* Begin PBXFileReference section */
		04CDA14847C6962719D7A162 /* Pods-MultimerTests.release.xcconfig */ = {isa = PBXFileReference; includeInIndex = 1; lastKnownFileType = text.xcconfig; name = "Pods-MultimerTests.release.xcconfig"; path = "Target Support Files/Pods-MultimerTests/Pods-MultimerTests.release.xcconfig"; sourceTree = "<group>"; };
		051C07479B9CAD8F97E05F93 /* Pods-Multimer.release.xcconfig */ = {isa = PBXFileReference; includeInIndex = 1; lastKnownFileType = text.xcconfig; name = "Pods-Multimer.release.xcconfig"; path = "Target Support Files/Pods-Multimer/Pods-Multimer.release.xcconfig"; sourceTree = "<group>"; };
		1E482BCF2912887B00175B78 /* TimerSettingViewController.swift */ = {isa = PBXFileReference; lastKnownFileType = sourcecode.swift; path = TimerSettingViewController.swift; sourceTree = "<group>"; };
		1E482BD12913538800175B78 /* TimerViewCell.swift */ = {isa = PBXFileReference; lastKnownFileType = sourcecode.swift; path = TimerViewCell.swift; sourceTree = "<group>"; };
		1E482BD3291353F400175B78 /* TimePickerViewDataSource.swift */ = {isa = PBXFileReference; lastKnownFileType = sourcecode.swift; path = TimePickerViewDataSource.swift; sourceTree = "<group>"; };
		1E482BD5291353FF00175B78 /* TimePickerViewDelegate.swift */ = {isa = PBXFileReference; lastKnownFileType = sourcecode.swift; path = TimePickerViewDelegate.swift; sourceTree = "<group>"; };
		1E482BD72913545E00175B78 /* UIPickerView+SetFixedLabels.swift */ = {isa = PBXFileReference; lastKnownFileType = sourcecode.swift; path = "UIPickerView+SetFixedLabels.swift"; sourceTree = "<group>"; };
		1E482BD9291354E900175B78 /* TimeType.swift */ = {isa = PBXFileReference; lastKnownFileType = sourcecode.swift; path = TimeType.swift; sourceTree = "<group>"; };
		1E482BDB291354F500175B78 /* Time.swift */ = {isa = PBXFileReference; lastKnownFileType = sourcecode.swift; path = Time.swift; sourceTree = "<group>"; };
		1E482BDD2913550A00175B78 /* TimerTableViewDataSource.swift */ = {isa = PBXFileReference; lastKnownFileType = sourcecode.swift; path = TimerTableViewDataSource.swift; sourceTree = "<group>"; };
		1E482BDF2913551700175B78 /* TimerTableViewDelegate.swift */ = {isa = PBXFileReference; lastKnownFileType = sourcecode.swift; path = TimerTableViewDelegate.swift; sourceTree = "<group>"; };
		1E482BE12913553F00175B78 /* UIStackView+addArrangedSubviews.swift */ = {isa = PBXFileReference; lastKnownFileType = sourcecode.swift; path = "UIStackView+addArrangedSubviews.swift"; sourceTree = "<group>"; };
		1E482BE52913558D00175B78 /* Tag.swift */ = {isa = PBXFileReference; lastKnownFileType = sourcecode.swift; path = Tag.swift; sourceTree = "<group>"; };
		1E482BE72913559600175B78 /* Timer.swift */ = {isa = PBXFileReference; lastKnownFileType = sourcecode.swift; path = Timer.swift; sourceTree = "<group>"; };
		1E482BE929138A3900175B78 /* UIView+snapshotCellStyle.swift */ = {isa = PBXFileReference; lastKnownFileType = sourcecode.swift; path = "UIView+snapshotCellStyle.swift"; sourceTree = "<group>"; };
		1E482BEB29139FC100175B78 /* MVVMInterface.swift */ = {isa = PBXFileReference; lastKnownFileType = sourcecode.swift; path = MVVMInterface.swift; sourceTree = "<group>"; };
		1E48FE952911F9240090B246 /* Multimer.app */ = {isa = PBXFileReference; explicitFileType = wrapper.application; includeInIndex = 0; path = Multimer.app; sourceTree = BUILT_PRODUCTS_DIR; };
		1E48FE982911F9240090B246 /* AppDelegate.swift */ = {isa = PBXFileReference; lastKnownFileType = sourcecode.swift; path = AppDelegate.swift; sourceTree = "<group>"; };
		1E48FE9A2911F9240090B246 /* SceneDelegate.swift */ = {isa = PBXFileReference; lastKnownFileType = sourcecode.swift; path = SceneDelegate.swift; sourceTree = "<group>"; };
		1E48FE9C2911F9240090B246 /* MainViewController.swift */ = {isa = PBXFileReference; lastKnownFileType = sourcecode.swift; path = MainViewController.swift; sourceTree = "<group>"; };
		1E48FEA12911F9250090B246 /* Assets.xcassets */ = {isa = PBXFileReference; lastKnownFileType = folder.assetcatalog; path = Assets.xcassets; sourceTree = "<group>"; };
		1E48FEA42911F9250090B246 /* Base */ = {isa = PBXFileReference; lastKnownFileType = file.storyboard; name = Base; path = Base.lproj/LaunchScreen.storyboard; sourceTree = "<group>"; };
		1E48FEA62911F9250090B246 /* Info.plist */ = {isa = PBXFileReference; lastKnownFileType = text.plist.xml; path = Info.plist; sourceTree = "<group>"; };
		1E48FEAB2911F9250090B246 /* MultimerTests.xctest */ = {isa = PBXFileReference; explicitFileType = wrapper.cfbundle; includeInIndex = 0; path = MultimerTests.xctest; sourceTree = BUILT_PRODUCTS_DIR; };
		1E48FEAF2911F9250090B246 /* MultimerTests.swift */ = {isa = PBXFileReference; lastKnownFileType = sourcecode.swift; path = MultimerTests.swift; sourceTree = "<group>"; };
		1E48FEB52911F9250090B246 /* MultimerUITests.xctest */ = {isa = PBXFileReference; explicitFileType = wrapper.cfbundle; includeInIndex = 0; path = MultimerUITests.xctest; sourceTree = BUILT_PRODUCTS_DIR; };
		1E48FEB92911F9250090B246 /* MultimerUITests.swift */ = {isa = PBXFileReference; lastKnownFileType = sourcecode.swift; path = MultimerUITests.swift; sourceTree = "<group>"; };
		1E48FEBB2911F9250090B246 /* MultimerUITestsLaunchTests.swift */ = {isa = PBXFileReference; lastKnownFileType = sourcecode.swift; path = MultimerUITestsLaunchTests.swift; sourceTree = "<group>"; };
		1E9BA3C22914CDC600B39E9C /* TimerTableViewDragDelegate.swift */ = {isa = PBXFileReference; lastKnownFileType = sourcecode.swift; path = TimerTableViewDragDelegate.swift; sourceTree = "<group>"; };
		1E9BA3C42914CDCE00B39E9C /* TimerTableViewDropDelegate.swift */ = {isa = PBXFileReference; lastKnownFileType = sourcecode.swift; path = TimerTableViewDropDelegate.swift; sourceTree = "<group>"; };
		1E9BA3C62914CEFB00B39E9C /* MainViewModel.swift */ = {isa = PBXFileReference; lastKnownFileType = sourcecode.swift; path = MainViewModel.swift; sourceTree = "<group>"; };
		1E9BA3C82914CF5400B39E9C /* TimerCellViewModel.swift */ = {isa = PBXFileReference; lastKnownFileType = sourcecode.swift; path = TimerCellViewModel.swift; sourceTree = "<group>"; };
		1E9BA3CA2914CF8C00B39E9C /* CellIdentifiable.swift */ = {isa = PBXFileReference; lastKnownFileType = sourcecode.swift; path = CellIdentifiable.swift; sourceTree = "<group>"; };
		1EBEEFDB292105F500299CE7 /* TimerTableViewDiffableDataSource.swift */ = {isa = PBXFileReference; lastKnownFileType = sourcecode.swift; path = TimerTableViewDiffableDataSource.swift; sourceTree = "<group>"; };
		1EBEEFDD2921061B00299CE7 /* TableViewSection.swift */ = {isa = PBXFileReference; lastKnownFileType = sourcecode.swift; path = TableViewSection.swift; sourceTree = "<group>"; };
		1EBEEFDF2922446A00299CE7 /* TimerUseCase.swift */ = {isa = PBXFileReference; lastKnownFileType = sourcecode.swift; path = TimerUseCase.swift; sourceTree = "<group>"; };
		1EBEEFE1292262E600299CE7 /* TimerTableViewDiffableDataSource+Rx+update.swift */ = {isa = PBXFileReference; lastKnownFileType = sourcecode.swift; path = "TimerTableViewDiffableDataSource+Rx+update.swift"; sourceTree = "<group>"; };
		1EBFEE142919270D00747606 /* TimerSettingViewModel.swift */ = {isa = PBXFileReference; lastKnownFileType = sourcecode.swift; path = TimerSettingViewModel.swift; sourceTree = "<group>"; };
		1EBFEE16291ABE1900747606 /* UITextField+Rx+textChanged.swift */ = {isa = PBXFileReference; lastKnownFileType = sourcecode.swift; path = "UITextField+Rx+textChanged.swift"; sourceTree = "<group>"; };
		27CD492903CB856CACDA9E64 /* Pods-Multimer-MultimerUITests.release.xcconfig */ = {isa = PBXFileReference; includeInIndex = 1; lastKnownFileType = text.xcconfig; name = "Pods-Multimer-MultimerUITests.release.xcconfig"; path = "Target Support Files/Pods-Multimer-MultimerUITests/Pods-Multimer-MultimerUITests.release.xcconfig"; sourceTree = "<group>"; };
		346163D03C21E772E515BAF0 /* Pods_MultimerTests.framework */ = {isa = PBXFileReference; explicitFileType = wrapper.framework; includeInIndex = 0; path = Pods_MultimerTests.framework; sourceTree = BUILT_PRODUCTS_DIR; };
		491019F0D2FC373C78F40E85 /* Pods-Multimer-MultimerUITests.debug.xcconfig */ = {isa = PBXFileReference; includeInIndex = 1; lastKnownFileType = text.xcconfig; name = "Pods-Multimer-MultimerUITests.debug.xcconfig"; path = "Target Support Files/Pods-Multimer-MultimerUITests/Pods-Multimer-MultimerUITests.debug.xcconfig"; sourceTree = "<group>"; };
		6BFF2E31EE050AF1DE4A2DA4 /* Pods_Multimer.framework */ = {isa = PBXFileReference; explicitFileType = wrapper.framework; includeInIndex = 0; path = Pods_Multimer.framework; sourceTree = BUILT_PRODUCTS_DIR; };
		7C8B8D20E646F7DD1F545138 /* Pods_Multimer_MultimerUITests.framework */ = {isa = PBXFileReference; explicitFileType = wrapper.framework; includeInIndex = 0; path = Pods_Multimer_MultimerUITests.framework; sourceTree = BUILT_PRODUCTS_DIR; };
		8851057CAD49B29FD8BFD2F1 /* Pods-Multimer.debug.xcconfig */ = {isa = PBXFileReference; includeInIndex = 1; lastKnownFileType = text.xcconfig; name = "Pods-Multimer.debug.xcconfig"; path = "Target Support Files/Pods-Multimer/Pods-Multimer.debug.xcconfig"; sourceTree = "<group>"; };
		F81EE9151F6254F328C1CCCD /* Pods-MultimerTests.debug.xcconfig */ = {isa = PBXFileReference; includeInIndex = 1; lastKnownFileType = text.xcconfig; name = "Pods-MultimerTests.debug.xcconfig"; path = "Target Support Files/Pods-MultimerTests/Pods-MultimerTests.debug.xcconfig"; sourceTree = "<group>"; };
/* End PBXFileReference section */

/* Begin PBXFrameworksBuildPhase section */
		1E48FE922911F9240090B246 /* Frameworks */ = {
			isa = PBXFrameworksBuildPhase;
			buildActionMask = 2147483647;
			files = (
				EB1E0428FF0CB844F02D9821 /* Pods_Multimer.framework in Frameworks */,
			);
			runOnlyForDeploymentPostprocessing = 0;
		};
		1E48FEA82911F9250090B246 /* Frameworks */ = {
			isa = PBXFrameworksBuildPhase;
			buildActionMask = 2147483647;
			files = (
				50EDF4005CED42E235BFC2AE /* Pods_MultimerTests.framework in Frameworks */,
			);
			runOnlyForDeploymentPostprocessing = 0;
		};
		1E48FEB22911F9250090B246 /* Frameworks */ = {
			isa = PBXFrameworksBuildPhase;
			buildActionMask = 2147483647;
			files = (
				284E6114050224D9C3E7E23D /* Pods_Multimer_MultimerUITests.framework in Frameworks */,
			);
			runOnlyForDeploymentPostprocessing = 0;
		};
/* End PBXFrameworksBuildPhase section */

/* Begin PBXGroup section */
		1397467FE4826333247004CD /* Pods */ = {
			isa = PBXGroup;
			children = (
				8851057CAD49B29FD8BFD2F1 /* Pods-Multimer.debug.xcconfig */,
				051C07479B9CAD8F97E05F93 /* Pods-Multimer.release.xcconfig */,
				491019F0D2FC373C78F40E85 /* Pods-Multimer-MultimerUITests.debug.xcconfig */,
				27CD492903CB856CACDA9E64 /* Pods-Multimer-MultimerUITests.release.xcconfig */,
				F81EE9151F6254F328C1CCCD /* Pods-MultimerTests.debug.xcconfig */,
				04CDA14847C6962719D7A162 /* Pods-MultimerTests.release.xcconfig */,
			);
			path = Pods;
			sourceTree = "<group>";
		};
		1E482BE32913555000175B78 /* Extension */ = {
			isa = PBXGroup;
			children = (
				1E482BE929138A3900175B78 /* UIView+snapshotCellStyle.swift */,
				1E482BE12913553F00175B78 /* UIStackView+addArrangedSubviews.swift */,
				1E482BD72913545E00175B78 /* UIPickerView+SetFixedLabels.swift */,
				1EBFEE16291ABE1900747606 /* UITextField+Rx+textChanged.swift */,
				1EBEEFE1292262E600299CE7 /* TimerTableViewDiffableDataSource+Rx+update.swift */,
			);
			path = Extension;
			sourceTree = "<group>";
		};
		1E482BE42913556100175B78 /* Application */ = {
			isa = PBXGroup;
			children = (
				1E48FE982911F9240090B246 /* AppDelegate.swift */,
				1E48FE9A2911F9240090B246 /* SceneDelegate.swift */,
			);
			path = Application;
			sourceTree = "<group>";
		};
		1E48FE8C2911F9240090B246 = {
			isa = PBXGroup;
			children = (
				1E48FE972911F9240090B246 /* Multimer */,
				1E48FEAE2911F9250090B246 /* MultimerTests */,
				1E48FEB82911F9250090B246 /* MultimerUITests */,
				1E48FE962911F9240090B246 /* Products */,
				1397467FE4826333247004CD /* Pods */,
				2A02E7B4D6C69D3D3E63182E /* Frameworks */,
			);
			sourceTree = "<group>";
		};
		1E48FE962911F9240090B246 /* Products */ = {
			isa = PBXGroup;
			children = (
				1E48FE952911F9240090B246 /* Multimer.app */,
				1E48FEAB2911F9250090B246 /* MultimerTests.xctest */,
				1E48FEB52911F9250090B246 /* MultimerUITests.xctest */,
			);
			name = Products;
			sourceTree = "<group>";
		};
		1E48FE972911F9240090B246 /* Multimer */ = {
			isa = PBXGroup;
			children = (
				1EBFEE102917888300747606 /* Protocol */,
				1E482BE42913556100175B78 /* Application */,
				1E482BE32913555000175B78 /* Extension */,
				1EBFEE0F2917884A00747606 /* Present */,
				1E482BE72913559600175B78 /* Timer.swift */,
				1E482BDB291354F500175B78 /* Time.swift */,
				1E482BE52913558D00175B78 /* Tag.swift */,
				1E482BD9291354E900175B78 /* TimeType.swift */,
				1EBEEFDD2921061B00299CE7 /* TableViewSection.swift */,
				1E48FEA12911F9250090B246 /* Assets.xcassets */,
				1E48FEA32911F9250090B246 /* LaunchScreen.storyboard */,
				1E48FEA62911F9250090B246 /* Info.plist */,
			);
			path = Multimer;
			sourceTree = "<group>";
		};
		1E48FEAE2911F9250090B246 /* MultimerTests */ = {
			isa = PBXGroup;
			children = (
				1E48FEAF2911F9250090B246 /* MultimerTests.swift */,
			);
			path = MultimerTests;
			sourceTree = "<group>";
		};
		1E48FEB82911F9250090B246 /* MultimerUITests */ = {
			isa = PBXGroup;
			children = (
				1E48FEB92911F9250090B246 /* MultimerUITests.swift */,
				1E48FEBB2911F9250090B246 /* MultimerUITestsLaunchTests.swift */,
			);
			path = MultimerUITests;
			sourceTree = "<group>";
		};
		1EBFEE0D2917883900747606 /* TimeSetting */ = {
			isa = PBXGroup;
			children = (
				1E482BCF2912887B00175B78 /* TimerSettingViewController.swift */,
				1EBFEE142919270D00747606 /* TimerSettingViewModel.swift */,
				1E482BD5291353FF00175B78 /* TimePickerViewDelegate.swift */,
				1E482BD3291353F400175B78 /* TimePickerViewDataSource.swift */,
			);
			path = TimeSetting;
			sourceTree = "<group>";
		};
		1EBFEE0E2917884600747606 /* Main */ = {
			isa = PBXGroup;
			children = (
				1E48FE9C2911F9240090B246 /* MainViewController.swift */,
				1EBEEFDB292105F500299CE7 /* TimerTableViewDiffableDataSource.swift */,
				1E9BA3C62914CEFB00B39E9C /* MainViewModel.swift */,
				1E482BD12913538800175B78 /* TimerViewCell.swift */,
				1E9BA3C82914CF5400B39E9C /* TimerCellViewModel.swift */,
				1EBEEFDF2922446A00299CE7 /* TimerUseCase.swift */,
				1EBFEE11291788A000747606 /* TimerTable */,
			);
			path = Main;
			sourceTree = "<group>";
		};
		1EBFEE0F2917884A00747606 /* Present */ = {
			isa = PBXGroup;
			children = (
				1EBFEE0E2917884600747606 /* Main */,
				1EBFEE0D2917883900747606 /* TimeSetting */,
			);
			path = Present;
			sourceTree = "<group>";
		};
		1EBFEE102917888300747606 /* Protocol */ = {
			isa = PBXGroup;
			children = (
				1E9BA3CA2914CF8C00B39E9C /* CellIdentifiable.swift */,
				1E482BEB29139FC100175B78 /* MVVMInterface.swift */,
			);
			path = Protocol;
			sourceTree = "<group>";
		};
		1EBFEE11291788A000747606 /* TimerTable */ = {
			isa = PBXGroup;
			children = (
				1E482BDF2913551700175B78 /* TimerTableViewDelegate.swift */,
				1E482BDD2913550A00175B78 /* TimerTableViewDataSource.swift */,
				1E9BA3C22914CDC600B39E9C /* TimerTableViewDragDelegate.swift */,
				1E9BA3C42914CDCE00B39E9C /* TimerTableViewDropDelegate.swift */,
			);
			path = TimerTable;
			sourceTree = "<group>";
		};
		2A02E7B4D6C69D3D3E63182E /* Frameworks */ = {
			isa = PBXGroup;
			children = (
				6BFF2E31EE050AF1DE4A2DA4 /* Pods_Multimer.framework */,
				7C8B8D20E646F7DD1F545138 /* Pods_Multimer_MultimerUITests.framework */,
				346163D03C21E772E515BAF0 /* Pods_MultimerTests.framework */,
			);
			name = Frameworks;
			sourceTree = "<group>";
		};
/* End PBXGroup section */

/* Begin PBXNativeTarget section */
		1E48FE942911F9240090B246 /* Multimer */ = {
			isa = PBXNativeTarget;
			buildConfigurationList = 1E48FEBF2911F9250090B246 /* Build configuration list for PBXNativeTarget "Multimer" */;
			buildPhases = (
				28AC3F186ED1108433A23338 /* [CP] Check Pods Manifest.lock */,
				1E48FE912911F9240090B246 /* Sources */,
				1E48FE922911F9240090B246 /* Frameworks */,
				1E48FE932911F9240090B246 /* Resources */,
				80EB4D384335900274A40EC7 /* [CP] Embed Pods Frameworks */,
			);
			buildRules = (
			);
			dependencies = (
			);
			name = Multimer;
			productName = Multimer;
			productReference = 1E48FE952911F9240090B246 /* Multimer.app */;
			productType = "com.apple.product-type.application";
		};
		1E48FEAA2911F9250090B246 /* MultimerTests */ = {
			isa = PBXNativeTarget;
			buildConfigurationList = 1E48FEC22911F9250090B246 /* Build configuration list for PBXNativeTarget "MultimerTests" */;
			buildPhases = (
				D8A727EE12C2BEF7B2D186C2 /* [CP] Check Pods Manifest.lock */,
				1E48FEA72911F9250090B246 /* Sources */,
				1E48FEA82911F9250090B246 /* Frameworks */,
				1E48FEA92911F9250090B246 /* Resources */,
			);
			buildRules = (
			);
			dependencies = (
				1E48FEAD2911F9250090B246 /* PBXTargetDependency */,
			);
			name = MultimerTests;
			productName = MultimerTests;
			productReference = 1E48FEAB2911F9250090B246 /* MultimerTests.xctest */;
			productType = "com.apple.product-type.bundle.unit-test";
		};
		1E48FEB42911F9250090B246 /* MultimerUITests */ = {
			isa = PBXNativeTarget;
			buildConfigurationList = 1E48FEC52911F9250090B246 /* Build configuration list for PBXNativeTarget "MultimerUITests" */;
			buildPhases = (
				7B228F9D543C93422D9E69A5 /* [CP] Check Pods Manifest.lock */,
				1E48FEB12911F9250090B246 /* Sources */,
				1E48FEB22911F9250090B246 /* Frameworks */,
				1E48FEB32911F9250090B246 /* Resources */,
				6285067C9F19EC682C0F06D3 /* [CP] Embed Pods Frameworks */,
			);
			buildRules = (
			);
			dependencies = (
				1E48FEB72911F9250090B246 /* PBXTargetDependency */,
			);
			name = MultimerUITests;
			productName = MultimerUITests;
			productReference = 1E48FEB52911F9250090B246 /* MultimerUITests.xctest */;
			productType = "com.apple.product-type.bundle.ui-testing";
		};
/* End PBXNativeTarget section */

/* Begin PBXProject section */
		1E48FE8D2911F9240090B246 /* Project object */ = {
			isa = PBXProject;
			attributes = {
				BuildIndependentTargetsInParallel = 1;
				LastSwiftUpdateCheck = 1340;
				LastUpgradeCheck = 1340;
				TargetAttributes = {
					1E48FE942911F9240090B246 = {
						CreatedOnToolsVersion = 13.4;
					};
					1E48FEAA2911F9250090B246 = {
						CreatedOnToolsVersion = 13.4;
						TestTargetID = 1E48FE942911F9240090B246;
					};
					1E48FEB42911F9250090B246 = {
						CreatedOnToolsVersion = 13.4;
						TestTargetID = 1E48FE942911F9240090B246;
					};
				};
			};
			buildConfigurationList = 1E48FE902911F9240090B246 /* Build configuration list for PBXProject "Multimer" */;
			compatibilityVersion = "Xcode 13.0";
			developmentRegion = en;
			hasScannedForEncodings = 0;
			knownRegions = (
				en,
				Base,
			);
			mainGroup = 1E48FE8C2911F9240090B246;
			productRefGroup = 1E48FE962911F9240090B246 /* Products */;
			projectDirPath = "";
			projectRoot = "";
			targets = (
				1E48FE942911F9240090B246 /* Multimer */,
				1E48FEAA2911F9250090B246 /* MultimerTests */,
				1E48FEB42911F9250090B246 /* MultimerUITests */,
			);
		};
/* End PBXProject section */

/* Begin PBXResourcesBuildPhase section */
		1E48FE932911F9240090B246 /* Resources */ = {
			isa = PBXResourcesBuildPhase;
			buildActionMask = 2147483647;
			files = (
				1E48FEA52911F9250090B246 /* LaunchScreen.storyboard in Resources */,
				1E48FEA22911F9250090B246 /* Assets.xcassets in Resources */,
			);
			runOnlyForDeploymentPostprocessing = 0;
		};
		1E48FEA92911F9250090B246 /* Resources */ = {
			isa = PBXResourcesBuildPhase;
			buildActionMask = 2147483647;
			files = (
			);
			runOnlyForDeploymentPostprocessing = 0;
		};
		1E48FEB32911F9250090B246 /* Resources */ = {
			isa = PBXResourcesBuildPhase;
			buildActionMask = 2147483647;
			files = (
			);
			runOnlyForDeploymentPostprocessing = 0;
		};
/* End PBXResourcesBuildPhase section */

/* Begin PBXShellScriptBuildPhase section */
		28AC3F186ED1108433A23338 /* [CP] Check Pods Manifest.lock */ = {
			isa = PBXShellScriptBuildPhase;
			buildActionMask = 2147483647;
			files = (
			);
			inputFileListPaths = (
			);
			inputPaths = (
				"${PODS_PODFILE_DIR_PATH}/Podfile.lock",
				"${PODS_ROOT}/Manifest.lock",
			);
			name = "[CP] Check Pods Manifest.lock";
			outputFileListPaths = (
			);
			outputPaths = (
				"$(DERIVED_FILE_DIR)/Pods-Multimer-checkManifestLockResult.txt",
			);
			runOnlyForDeploymentPostprocessing = 0;
			shellPath = /bin/sh;
			shellScript = "diff \"${PODS_PODFILE_DIR_PATH}/Podfile.lock\" \"${PODS_ROOT}/Manifest.lock\" > /dev/null\nif [ $? != 0 ] ; then\n    # print error to STDERR\n    echo \"error: The sandbox is not in sync with the Podfile.lock. Run 'pod install' or update your CocoaPods installation.\" >&2\n    exit 1\nfi\n# This output is used by Xcode 'outputs' to avoid re-running this script phase.\necho \"SUCCESS\" > \"${SCRIPT_OUTPUT_FILE_0}\"\n";
			showEnvVarsInLog = 0;
		};
		6285067C9F19EC682C0F06D3 /* [CP] Embed Pods Frameworks */ = {
			isa = PBXShellScriptBuildPhase;
			buildActionMask = 2147483647;
			files = (
			);
			inputFileListPaths = (
				"${PODS_ROOT}/Target Support Files/Pods-Multimer-MultimerUITests/Pods-Multimer-MultimerUITests-frameworks-${CONFIGURATION}-input-files.xcfilelist",
			);
			name = "[CP] Embed Pods Frameworks";
			outputFileListPaths = (
				"${PODS_ROOT}/Target Support Files/Pods-Multimer-MultimerUITests/Pods-Multimer-MultimerUITests-frameworks-${CONFIGURATION}-output-files.xcfilelist",
			);
			runOnlyForDeploymentPostprocessing = 0;
			shellPath = /bin/sh;
			shellScript = "\"${PODS_ROOT}/Target Support Files/Pods-Multimer-MultimerUITests/Pods-Multimer-MultimerUITests-frameworks.sh\"\n";
			showEnvVarsInLog = 0;
		};
		7B228F9D543C93422D9E69A5 /* [CP] Check Pods Manifest.lock */ = {
			isa = PBXShellScriptBuildPhase;
			buildActionMask = 2147483647;
			files = (
			);
			inputFileListPaths = (
			);
			inputPaths = (
				"${PODS_PODFILE_DIR_PATH}/Podfile.lock",
				"${PODS_ROOT}/Manifest.lock",
			);
			name = "[CP] Check Pods Manifest.lock";
			outputFileListPaths = (
			);
			outputPaths = (
				"$(DERIVED_FILE_DIR)/Pods-Multimer-MultimerUITests-checkManifestLockResult.txt",
			);
			runOnlyForDeploymentPostprocessing = 0;
			shellPath = /bin/sh;
			shellScript = "diff \"${PODS_PODFILE_DIR_PATH}/Podfile.lock\" \"${PODS_ROOT}/Manifest.lock\" > /dev/null\nif [ $? != 0 ] ; then\n    # print error to STDERR\n    echo \"error: The sandbox is not in sync with the Podfile.lock. Run 'pod install' or update your CocoaPods installation.\" >&2\n    exit 1\nfi\n# This output is used by Xcode 'outputs' to avoid re-running this script phase.\necho \"SUCCESS\" > \"${SCRIPT_OUTPUT_FILE_0}\"\n";
			showEnvVarsInLog = 0;
		};
		80EB4D384335900274A40EC7 /* [CP] Embed Pods Frameworks */ = {
			isa = PBXShellScriptBuildPhase;
			buildActionMask = 2147483647;
			files = (
			);
			inputFileListPaths = (
				"${PODS_ROOT}/Target Support Files/Pods-Multimer/Pods-Multimer-frameworks-${CONFIGURATION}-input-files.xcfilelist",
			);
			name = "[CP] Embed Pods Frameworks";
			outputFileListPaths = (
				"${PODS_ROOT}/Target Support Files/Pods-Multimer/Pods-Multimer-frameworks-${CONFIGURATION}-output-files.xcfilelist",
			);
			runOnlyForDeploymentPostprocessing = 0;
			shellPath = /bin/sh;
			shellScript = "\"${PODS_ROOT}/Target Support Files/Pods-Multimer/Pods-Multimer-frameworks.sh\"\n";
			showEnvVarsInLog = 0;
		};
		D8A727EE12C2BEF7B2D186C2 /* [CP] Check Pods Manifest.lock */ = {
			isa = PBXShellScriptBuildPhase;
			buildActionMask = 2147483647;
			files = (
			);
			inputFileListPaths = (
			);
			inputPaths = (
				"${PODS_PODFILE_DIR_PATH}/Podfile.lock",
				"${PODS_ROOT}/Manifest.lock",
			);
			name = "[CP] Check Pods Manifest.lock";
			outputFileListPaths = (
			);
			outputPaths = (
				"$(DERIVED_FILE_DIR)/Pods-MultimerTests-checkManifestLockResult.txt",
			);
			runOnlyForDeploymentPostprocessing = 0;
			shellPath = /bin/sh;
			shellScript = "diff \"${PODS_PODFILE_DIR_PATH}/Podfile.lock\" \"${PODS_ROOT}/Manifest.lock\" > /dev/null\nif [ $? != 0 ] ; then\n    # print error to STDERR\n    echo \"error: The sandbox is not in sync with the Podfile.lock. Run 'pod install' or update your CocoaPods installation.\" >&2\n    exit 1\nfi\n# This output is used by Xcode 'outputs' to avoid re-running this script phase.\necho \"SUCCESS\" > \"${SCRIPT_OUTPUT_FILE_0}\"\n";
			showEnvVarsInLog = 0;
		};
/* End PBXShellScriptBuildPhase section */

/* Begin PBXSourcesBuildPhase section */
		1E48FE912911F9240090B246 /* Sources */ = {
			isa = PBXSourcesBuildPhase;
			buildActionMask = 2147483647;
			files = (
				1EBEEFDC292105F500299CE7 /* TimerTableViewDiffableDataSource.swift in Sources */,
				1E482BD6291353FF00175B78 /* TimePickerViewDelegate.swift in Sources */,
				1EBEEFE2292262E600299CE7 /* TimerTableViewDiffableDataSource+Rx+update.swift in Sources */,
				1E482BD22913538800175B78 /* TimerViewCell.swift in Sources */,
				1E482BDC291354F500175B78 /* Time.swift in Sources */,
				1E482BE82913559600175B78 /* Timer.swift in Sources */,
				1E48FE9D2911F9240090B246 /* MainViewController.swift in Sources */,
				1E482BDA291354E900175B78 /* TimeType.swift in Sources */,
				1EBEEFE02922446A00299CE7 /* TimerUseCase.swift in Sources */,
				1E482BD4291353F400175B78 /* TimePickerViewDataSource.swift in Sources */,
				1E9BA3C92914CF5400B39E9C /* TimerCellViewModel.swift in Sources */,
				1E9BA3C52914CDCE00B39E9C /* TimerTableViewDropDelegate.swift in Sources */,
				1EBFEE152919270D00747606 /* TimerSettingViewModel.swift in Sources */,
				1E48FE992911F9240090B246 /* AppDelegate.swift in Sources */,
				1E482BDE2913550A00175B78 /* TimerTableViewDataSource.swift in Sources */,
				1E482BD02912887B00175B78 /* TimerSettingViewController.swift in Sources */,
				1E9BA3C32914CDC600B39E9C /* TimerTableViewDragDelegate.swift in Sources */,
				1EBEEFDE2921061B00299CE7 /* TableViewSection.swift in Sources */,
				1E482BEC29139FC100175B78 /* MVVMInterface.swift in Sources */,
				1E482BE22913553F00175B78 /* UIStackView+addArrangedSubviews.swift in Sources */,
				1E482BE62913558D00175B78 /* Tag.swift in Sources */,
				1E9BA3C72914CEFB00B39E9C /* MainViewModel.swift in Sources */,
				1E48FE9B2911F9240090B246 /* SceneDelegate.swift in Sources */,
				1E482BE02913551700175B78 /* TimerTableViewDelegate.swift in Sources */,
				1E9BA3CB2914CF8C00B39E9C /* CellIdentifiable.swift in Sources */,
				1E482BEA29138A3900175B78 /* UIView+snapshotCellStyle.swift in Sources */,
				1EBFEE17291ABE1900747606 /* UITextField+Rx+textChanged.swift in Sources */,
				1E482BD82913545E00175B78 /* UIPickerView+SetFixedLabels.swift in Sources */,
			);
			runOnlyForDeploymentPostprocessing = 0;
		};
		1E48FEA72911F9250090B246 /* Sources */ = {
			isa = PBXSourcesBuildPhase;
			buildActionMask = 2147483647;
			files = (
				1E48FEB02911F9250090B246 /* MultimerTests.swift in Sources */,
			);
			runOnlyForDeploymentPostprocessing = 0;
		};
		1E48FEB12911F9250090B246 /* Sources */ = {
			isa = PBXSourcesBuildPhase;
			buildActionMask = 2147483647;
			files = (
				1E48FEBC2911F9250090B246 /* MultimerUITestsLaunchTests.swift in Sources */,
				1E48FEBA2911F9250090B246 /* MultimerUITests.swift in Sources */,
			);
			runOnlyForDeploymentPostprocessing = 0;
		};
/* End PBXSourcesBuildPhase section */

/* Begin PBXTargetDependency section */
		1E48FEAD2911F9250090B246 /* PBXTargetDependency */ = {
			isa = PBXTargetDependency;
			target = 1E48FE942911F9240090B246 /* Multimer */;
			targetProxy = 1E48FEAC2911F9250090B246 /* PBXContainerItemProxy */;
		};
		1E48FEB72911F9250090B246 /* PBXTargetDependency */ = {
			isa = PBXTargetDependency;
			target = 1E48FE942911F9240090B246 /* Multimer */;
			targetProxy = 1E48FEB62911F9250090B246 /* PBXContainerItemProxy */;
		};
/* End PBXTargetDependency section */

/* Begin PBXVariantGroup section */
		1E48FEA32911F9250090B246 /* LaunchScreen.storyboard */ = {
			isa = PBXVariantGroup;
			children = (
				1E48FEA42911F9250090B246 /* Base */,
			);
			name = LaunchScreen.storyboard;
			sourceTree = "<group>";
		};
/* End PBXVariantGroup section */

/* Begin XCBuildConfiguration section */
		1E48FEBD2911F9250090B246 /* Debug */ = {
			isa = XCBuildConfiguration;
			buildSettings = {
				ALWAYS_SEARCH_USER_PATHS = NO;
				CLANG_ANALYZER_NONNULL = YES;
				CLANG_ANALYZER_NUMBER_OBJECT_CONVERSION = YES_AGGRESSIVE;
				CLANG_CXX_LANGUAGE_STANDARD = "gnu++17";
				CLANG_ENABLE_MODULES = YES;
				CLANG_ENABLE_OBJC_ARC = YES;
				CLANG_ENABLE_OBJC_WEAK = YES;
				CLANG_WARN_BLOCK_CAPTURE_AUTORELEASING = YES;
				CLANG_WARN_BOOL_CONVERSION = YES;
				CLANG_WARN_COMMA = YES;
				CLANG_WARN_CONSTANT_CONVERSION = YES;
				CLANG_WARN_DEPRECATED_OBJC_IMPLEMENTATIONS = YES;
				CLANG_WARN_DIRECT_OBJC_ISA_USAGE = YES_ERROR;
				CLANG_WARN_DOCUMENTATION_COMMENTS = YES;
				CLANG_WARN_EMPTY_BODY = YES;
				CLANG_WARN_ENUM_CONVERSION = YES;
				CLANG_WARN_INFINITE_RECURSION = YES;
				CLANG_WARN_INT_CONVERSION = YES;
				CLANG_WARN_NON_LITERAL_NULL_CONVERSION = YES;
				CLANG_WARN_OBJC_IMPLICIT_RETAIN_SELF = YES;
				CLANG_WARN_OBJC_LITERAL_CONVERSION = YES;
				CLANG_WARN_OBJC_ROOT_CLASS = YES_ERROR;
				CLANG_WARN_QUOTED_INCLUDE_IN_FRAMEWORK_HEADER = YES;
				CLANG_WARN_RANGE_LOOP_ANALYSIS = YES;
				CLANG_WARN_STRICT_PROTOTYPES = YES;
				CLANG_WARN_SUSPICIOUS_MOVE = YES;
				CLANG_WARN_UNGUARDED_AVAILABILITY = YES_AGGRESSIVE;
				CLANG_WARN_UNREACHABLE_CODE = YES;
				CLANG_WARN__DUPLICATE_METHOD_MATCH = YES;
				COPY_PHASE_STRIP = NO;
				DEBUG_INFORMATION_FORMAT = dwarf;
				ENABLE_STRICT_OBJC_MSGSEND = YES;
				ENABLE_TESTABILITY = YES;
				GCC_C_LANGUAGE_STANDARD = gnu11;
				GCC_DYNAMIC_NO_PIC = NO;
				GCC_NO_COMMON_BLOCKS = YES;
				GCC_OPTIMIZATION_LEVEL = 0;
				GCC_PREPROCESSOR_DEFINITIONS = (
					"DEBUG=1",
					"$(inherited)",
				);
				GCC_WARN_64_TO_32_BIT_CONVERSION = YES;
				GCC_WARN_ABOUT_RETURN_TYPE = YES_ERROR;
				GCC_WARN_UNDECLARED_SELECTOR = YES;
				GCC_WARN_UNINITIALIZED_AUTOS = YES_AGGRESSIVE;
				GCC_WARN_UNUSED_FUNCTION = YES;
				GCC_WARN_UNUSED_VARIABLE = YES;
				IPHONEOS_DEPLOYMENT_TARGET = 14.0;
				MTL_ENABLE_DEBUG_INFO = INCLUDE_SOURCE;
				MTL_FAST_MATH = YES;
				ONLY_ACTIVE_ARCH = YES;
				SDKROOT = iphoneos;
				SWIFT_ACTIVE_COMPILATION_CONDITIONS = DEBUG;
				SWIFT_OPTIMIZATION_LEVEL = "-Onone";
			};
			name = Debug;
		};
		1E48FEBE2911F9250090B246 /* Release */ = {
			isa = XCBuildConfiguration;
			buildSettings = {
				ALWAYS_SEARCH_USER_PATHS = NO;
				CLANG_ANALYZER_NONNULL = YES;
				CLANG_ANALYZER_NUMBER_OBJECT_CONVERSION = YES_AGGRESSIVE;
				CLANG_CXX_LANGUAGE_STANDARD = "gnu++17";
				CLANG_ENABLE_MODULES = YES;
				CLANG_ENABLE_OBJC_ARC = YES;
				CLANG_ENABLE_OBJC_WEAK = YES;
				CLANG_WARN_BLOCK_CAPTURE_AUTORELEASING = YES;
				CLANG_WARN_BOOL_CONVERSION = YES;
				CLANG_WARN_COMMA = YES;
				CLANG_WARN_CONSTANT_CONVERSION = YES;
				CLANG_WARN_DEPRECATED_OBJC_IMPLEMENTATIONS = YES;
				CLANG_WARN_DIRECT_OBJC_ISA_USAGE = YES_ERROR;
				CLANG_WARN_DOCUMENTATION_COMMENTS = YES;
				CLANG_WARN_EMPTY_BODY = YES;
				CLANG_WARN_ENUM_CONVERSION = YES;
				CLANG_WARN_INFINITE_RECURSION = YES;
				CLANG_WARN_INT_CONVERSION = YES;
				CLANG_WARN_NON_LITERAL_NULL_CONVERSION = YES;
				CLANG_WARN_OBJC_IMPLICIT_RETAIN_SELF = YES;
				CLANG_WARN_OBJC_LITERAL_CONVERSION = YES;
				CLANG_WARN_OBJC_ROOT_CLASS = YES_ERROR;
				CLANG_WARN_QUOTED_INCLUDE_IN_FRAMEWORK_HEADER = YES;
				CLANG_WARN_RANGE_LOOP_ANALYSIS = YES;
				CLANG_WARN_STRICT_PROTOTYPES = YES;
				CLANG_WARN_SUSPICIOUS_MOVE = YES;
				CLANG_WARN_UNGUARDED_AVAILABILITY = YES_AGGRESSIVE;
				CLANG_WARN_UNREACHABLE_CODE = YES;
				CLANG_WARN__DUPLICATE_METHOD_MATCH = YES;
				COPY_PHASE_STRIP = NO;
				DEBUG_INFORMATION_FORMAT = "dwarf-with-dsym";
				ENABLE_NS_ASSERTIONS = NO;
				ENABLE_STRICT_OBJC_MSGSEND = YES;
				GCC_C_LANGUAGE_STANDARD = gnu11;
				GCC_NO_COMMON_BLOCKS = YES;
				GCC_WARN_64_TO_32_BIT_CONVERSION = YES;
				GCC_WARN_ABOUT_RETURN_TYPE = YES_ERROR;
				GCC_WARN_UNDECLARED_SELECTOR = YES;
				GCC_WARN_UNINITIALIZED_AUTOS = YES_AGGRESSIVE;
				GCC_WARN_UNUSED_FUNCTION = YES;
				GCC_WARN_UNUSED_VARIABLE = YES;
				IPHONEOS_DEPLOYMENT_TARGET = 14.0;
				MTL_ENABLE_DEBUG_INFO = NO;
				MTL_FAST_MATH = YES;
				SDKROOT = iphoneos;
				SWIFT_COMPILATION_MODE = wholemodule;
				SWIFT_OPTIMIZATION_LEVEL = "-O";
				VALIDATE_PRODUCT = YES;
			};
			name = Release;
		};
		1E48FEC02911F9250090B246 /* Debug */ = {
			isa = XCBuildConfiguration;
			baseConfigurationReference = 8851057CAD49B29FD8BFD2F1 /* Pods-Multimer.debug.xcconfig */;
			buildSettings = {
				ASSETCATALOG_COMPILER_APPICON_NAME = AppIcon;
				ASSETCATALOG_COMPILER_GLOBAL_ACCENT_COLOR_NAME = AccentColor;
				CODE_SIGN_STYLE = Automatic;
				CURRENT_PROJECT_VERSION = 1;
				DEVELOPMENT_TEAM = MPN6WL3W3U;
				GENERATE_INFOPLIST_FILE = YES;
				INFOPLIST_FILE = Multimer/Info.plist;
				INFOPLIST_KEY_UIApplicationSupportsIndirectInputEvents = YES;
				INFOPLIST_KEY_UILaunchStoryboardName = LaunchScreen;
				INFOPLIST_KEY_UISupportedInterfaceOrientations_iPad = "UIInterfaceOrientationPortrait UIInterfaceOrientationPortraitUpsideDown UIInterfaceOrientationLandscapeLeft UIInterfaceOrientationLandscapeRight";
				INFOPLIST_KEY_UISupportedInterfaceOrientations_iPhone = "UIInterfaceOrientationPortrait UIInterfaceOrientationLandscapeLeft UIInterfaceOrientationLandscapeRight";
				LD_RUNPATH_SEARCH_PATHS = (
					"$(inherited)",
					"@executable_path/Frameworks",
				);
				MARKETING_VERSION = 1.0;
				PRODUCT_BUNDLE_IDENTIFIER = com.sanghyeok.test.Multimer;
				PRODUCT_NAME = "$(TARGET_NAME)";
				SWIFT_EMIT_LOC_STRINGS = YES;
				SWIFT_VERSION = 5.0;
				TARGETED_DEVICE_FAMILY = "1,2";
			};
			name = Debug;
		};
		1E48FEC12911F9250090B246 /* Release */ = {
			isa = XCBuildConfiguration;
			baseConfigurationReference = 051C07479B9CAD8F97E05F93 /* Pods-Multimer.release.xcconfig */;
			buildSettings = {
				ASSETCATALOG_COMPILER_APPICON_NAME = AppIcon;
				ASSETCATALOG_COMPILER_GLOBAL_ACCENT_COLOR_NAME = AccentColor;
				CODE_SIGN_STYLE = Automatic;
				CURRENT_PROJECT_VERSION = 1;
				DEVELOPMENT_TEAM = MPN6WL3W3U;
				GENERATE_INFOPLIST_FILE = YES;
				INFOPLIST_FILE = Multimer/Info.plist;
				INFOPLIST_KEY_UIApplicationSupportsIndirectInputEvents = YES;
				INFOPLIST_KEY_UILaunchStoryboardName = LaunchScreen;
				INFOPLIST_KEY_UISupportedInterfaceOrientations_iPad = "UIInterfaceOrientationPortrait UIInterfaceOrientationPortraitUpsideDown UIInterfaceOrientationLandscapeLeft UIInterfaceOrientationLandscapeRight";
				INFOPLIST_KEY_UISupportedInterfaceOrientations_iPhone = "UIInterfaceOrientationPortrait UIInterfaceOrientationLandscapeLeft UIInterfaceOrientationLandscapeRight";
				LD_RUNPATH_SEARCH_PATHS = (
					"$(inherited)",
					"@executable_path/Frameworks",
				);
				MARKETING_VERSION = 1.0;
				PRODUCT_BUNDLE_IDENTIFIER = com.sanghyeok.test.Multimer;
				PRODUCT_NAME = "$(TARGET_NAME)";
				SWIFT_EMIT_LOC_STRINGS = YES;
				SWIFT_VERSION = 5.0;
				TARGETED_DEVICE_FAMILY = "1,2";
			};
			name = Release;
		};
		1E48FEC32911F9250090B246 /* Debug */ = {
			isa = XCBuildConfiguration;
			baseConfigurationReference = F81EE9151F6254F328C1CCCD /* Pods-MultimerTests.debug.xcconfig */;
			buildSettings = {
				ALWAYS_EMBED_SWIFT_STANDARD_LIBRARIES = YES;
				BUNDLE_LOADER = "$(TEST_HOST)";
				CODE_SIGN_STYLE = Automatic;
				CURRENT_PROJECT_VERSION = 1;
				DEVELOPMENT_TEAM = MPN6WL3W3U;
				GENERATE_INFOPLIST_FILE = YES;
				IPHONEOS_DEPLOYMENT_TARGET = 15.5;
				MARKETING_VERSION = 1.0;
				PRODUCT_BUNDLE_IDENTIFIER = com.sanghyeok.test.MultimerTests;
				PRODUCT_NAME = "$(TARGET_NAME)";
				SWIFT_EMIT_LOC_STRINGS = NO;
				SWIFT_VERSION = 5.0;
				TARGETED_DEVICE_FAMILY = "1,2";
				TEST_HOST = "$(BUILT_PRODUCTS_DIR)/Multimer.app/Multimer";
			};
			name = Debug;
		};
		1E48FEC42911F9250090B246 /* Release */ = {
			isa = XCBuildConfiguration;
			baseConfigurationReference = 04CDA14847C6962719D7A162 /* Pods-MultimerTests.release.xcconfig */;
			buildSettings = {
				ALWAYS_EMBED_SWIFT_STANDARD_LIBRARIES = YES;
				BUNDLE_LOADER = "$(TEST_HOST)";
				CODE_SIGN_STYLE = Automatic;
				CURRENT_PROJECT_VERSION = 1;
				DEVELOPMENT_TEAM = MPN6WL3W3U;
				GENERATE_INFOPLIST_FILE = YES;
				IPHONEOS_DEPLOYMENT_TARGET = 15.5;
				MARKETING_VERSION = 1.0;
				PRODUCT_BUNDLE_IDENTIFIER = com.sanghyeok.test.MultimerTests;
				PRODUCT_NAME = "$(TARGET_NAME)";
				SWIFT_EMIT_LOC_STRINGS = NO;
				SWIFT_VERSION = 5.0;
				TARGETED_DEVICE_FAMILY = "1,2";
				TEST_HOST = "$(BUILT_PRODUCTS_DIR)/Multimer.app/Multimer";
			};
			name = Release;
		};
		1E48FEC62911F9250090B246 /* Debug */ = {
			isa = XCBuildConfiguration;
			baseConfigurationReference = 491019F0D2FC373C78F40E85 /* Pods-Multimer-MultimerUITests.debug.xcconfig */;
			buildSettings = {
				ALWAYS_EMBED_SWIFT_STANDARD_LIBRARIES = YES;
				CODE_SIGN_STYLE = Automatic;
				CURRENT_PROJECT_VERSION = 1;
				DEVELOPMENT_TEAM = MPN6WL3W3U;
				GENERATE_INFOPLIST_FILE = YES;
				MARKETING_VERSION = 1.0;
				PRODUCT_BUNDLE_IDENTIFIER = com.sanghyeok.test.MultimerUITests;
				PRODUCT_NAME = "$(TARGET_NAME)";
				SWIFT_EMIT_LOC_STRINGS = NO;
				SWIFT_VERSION = 5.0;
				TARGETED_DEVICE_FAMILY = "1,2";
				TEST_TARGET_NAME = Multimer;
			};
			name = Debug;
		};
		1E48FEC72911F9250090B246 /* Release */ = {
			isa = XCBuildConfiguration;
			baseConfigurationReference = 27CD492903CB856CACDA9E64 /* Pods-Multimer-MultimerUITests.release.xcconfig */;
			buildSettings = {
				ALWAYS_EMBED_SWIFT_STANDARD_LIBRARIES = YES;
				CODE_SIGN_STYLE = Automatic;
				CURRENT_PROJECT_VERSION = 1;
				DEVELOPMENT_TEAM = MPN6WL3W3U;
				GENERATE_INFOPLIST_FILE = YES;
				MARKETING_VERSION = 1.0;
				PRODUCT_BUNDLE_IDENTIFIER = com.sanghyeok.test.MultimerUITests;
				PRODUCT_NAME = "$(TARGET_NAME)";
				SWIFT_EMIT_LOC_STRINGS = NO;
				SWIFT_VERSION = 5.0;
				TARGETED_DEVICE_FAMILY = "1,2";
				TEST_TARGET_NAME = Multimer;
			};
			name = Release;
		};
/* End XCBuildConfiguration section */

/* Begin XCConfigurationList section */
		1E48FE902911F9240090B246 /* Build configuration list for PBXProject "Multimer" */ = {
			isa = XCConfigurationList;
			buildConfigurations = (
				1E48FEBD2911F9250090B246 /* Debug */,
				1E48FEBE2911F9250090B246 /* Release */,
			);
			defaultConfigurationIsVisible = 0;
			defaultConfigurationName = Release;
		};
		1E48FEBF2911F9250090B246 /* Build configuration list for PBXNativeTarget "Multimer" */ = {
			isa = XCConfigurationList;
			buildConfigurations = (
				1E48FEC02911F9250090B246 /* Debug */,
				1E48FEC12911F9250090B246 /* Release */,
			);
			defaultConfigurationIsVisible = 0;
			defaultConfigurationName = Release;
		};
		1E48FEC22911F9250090B246 /* Build configuration list for PBXNativeTarget "MultimerTests" */ = {
			isa = XCConfigurationList;
			buildConfigurations = (
				1E48FEC32911F9250090B246 /* Debug */,
				1E48FEC42911F9250090B246 /* Release */,
			);
			defaultConfigurationIsVisible = 0;
			defaultConfigurationName = Release;
		};
		1E48FEC52911F9250090B246 /* Build configuration list for PBXNativeTarget "MultimerUITests" */ = {
			isa = XCConfigurationList;
			buildConfigurations = (
				1E48FEC62911F9250090B246 /* Debug */,
				1E48FEC72911F9250090B246 /* Release */,
			);
			defaultConfigurationIsVisible = 0;
			defaultConfigurationName = Release;
		};
/* End XCConfigurationList section */
	};
	rootObject = 1E48FE8D2911F9240090B246 /* Project object */;
}
